
Microsoft Visual Studio Solution File, Format Version 12.00
# Visual Studio 15
VisualStudioVersion = 15.0.28010.2003
MinimumVisualStudioVersion = 10.0.40219.1
Project("{FAE04EC0-301F-11D3-BF4B-00C04F79EFBC}") = "EdFi.Ods.AdminApp.Web", "EdFi.Ods.AdminApp.Web\EdFi.Ods.AdminApp.Web.csproj", "{3FADE813-D96D-461C-A064-10B1534DAEB0}"
EndProject
Project("{9A19103F-16F7-4668-BE54-9A1E7A4F7556}") = "EdFi.Ods.AdminApp.Management", "EdFi.Ods.AdminApp.Management\EdFi.Ods.AdminApp.Management.csproj", "{FBBA172C-6F81-4753-92B9-C31277B032DD}"
EndProject
Project("{FAE04EC0-301F-11D3-BF4B-00C04F79EFBC}") = "EdFi.Ods.AdminApp.Management.Tests", "EdFi.Ods.AdminApp.Management.Tests\EdFi.Ods.AdminApp.Management.Tests.csproj", "{55E0CD4B-926F-47AB-AAFF-B47C320254F6}"
EndProject
Project("{FAE04EC0-301F-11D3-BF4B-00C04F79EFBC}") = "EdFi.Ods.AdminApp.Web.Tests", "EdFi.Ods.AdminApp.Web.Tests\EdFi.Ods.AdminApp.Web.Tests.csproj", "{B82F4C32-2988-49F6-A085-C05353CD2920}"
EndProject
Project("{9A19103F-16F7-4668-BE54-9A1E7A4F7556}") = "EdFi.Ods.AdminApp.Management.Azure", "EdFi.Ods.AdminApp.Management.Azure\EdFi.Ods.AdminApp.Management.Azure.csproj", "{A1951107-BE72-4745-8C9E-6EC1F741384D}"
EndProject
Project("{9A19103F-16F7-4668-BE54-9A1E7A4F7556}") = "EdFi.Ods.AdminApp.Management.Aws", "EdFi.Ods.AdminApp.Management.Aws\EdFi.Ods.AdminApp.Management.Aws.csproj", "{3445A692-0457-4969-B8A8-206106BADCAC}"
EndProject
Project("{9A19103F-16F7-4668-BE54-9A1E7A4F7556}") = "EdFi.Ods.AdminApp.Management.Aws.Tests", "EdFi.Ods.AdminApp.Management.Aws.Tests\EdFi.Ods.AdminApp.Management.Aws.Tests.csproj", "{6B42780F-5C2E-49D8-88DF-5DBD49244B4F}"
EndProject
Project("{9A19103F-16F7-4668-BE54-9A1E7A4F7556}") = "EdFi.Ods.AdminApp.Management.Azure.UnitTests", "EdFi.Ods.AdminApp.Management.Azure.UnitTests\EdFi.Ods.AdminApp.Management.Azure.UnitTests.csproj", "{470BAA61-6F58-4940-B71A-E90A74A1B073}"
EndProject
Project("{9A19103F-16F7-4668-BE54-9A1E7A4F7556}") = "EdFi.Ods.AdminApp.Management.Azure.IntegrationTests", "EdFi.Ods.AdminApp.Management.Azure.IntegrationTests\EdFi.Ods.AdminApp.Management.Azure.IntegrationTests.csproj", "{B0230C03-1362-4F67-9D97-27E7070AF90A}"
EndProject
Project("{9A19103F-16F7-4668-BE54-9A1E7A4F7556}") = "EdFi.Ods.AdminApp.Management.OnPrem", "EdFi.Ods.AdminApp.Management.OnPrem\EdFi.Ods.AdminApp.Management.OnPrem.csproj", "{9E893DD8-A114-4C7E-968C-34C2C2C41AA3}"
EndProject
Project("{9A19103F-16F7-4668-BE54-9A1E7A4F7556}") = "EdFi.Ods.AdminApp.Management.OnPrem.Tests", "EdFi.Ods.AdminApp.Management.OnPrem.Tests\EdFi.Ods.AdminApp.Management.OnPrem.Tests.csproj", "{F6733B57-CD26-4FF2-8541-CB0B7865073C}"
EndProject
Project("{2150E333-8FDC-42A3-9474-1A3956D46DE8}") = "Solution Items", "Solution Items", "{1D317139-CB19-4D7F-91AC-9A560189C55B}"
	ProjectSection(SolutionItems) = preProject
		..\CONTRIBUTORS.md = ..\CONTRIBUTORS.md
		EdFi.Ods.AdminApp.Web\EdFi.Ods.AdminApp.Web.nuspec = EdFi.Ods.AdminApp.Web\EdFi.Ods.AdminApp.Web.nuspec
		..\NOTICES.md = ..\NOTICES.md
		..\README.md = ..\README.md
	EndProjectSection
EndProject
Project("{2150E333-8FDC-42A3-9474-1A3956D46DE8}") = "UnitTests", "UnitTests", "{9A9D18B4-718D-4681-BAFE-A1C42E18A7CC}"
EndProject
Project("{9A19103F-16F7-4668-BE54-9A1E7A4F7556}") = "EdFi.Ods.AdminApp.Management.UnitTests", "EdFi.Ods.AdminApp.Management.UnitTests\EdFi.Ods.AdminApp.Management.UnitTests.csproj", "{F62C9CF6-A632-4894-B61A-674198DAB86E}"
EndProject
Global
	GlobalSection(SolutionConfigurationPlatforms) = preSolution
		AzureDev|Any CPU = AzureDev|Any CPU
		AzureDev|x64 = AzureDev|x64
		AzureProd|Any CPU = AzureProd|Any CPU
		AzureProd|x64 = AzureProd|x64
		AzureTest|Any CPU = AzureTest|Any CPU
		AzureTest|x64 = AzureTest|x64
		Debug|Any CPU = Debug|Any CPU
		Debug|x64 = Debug|x64
		LocalMinimal|Any CPU = LocalMinimal|Any CPU
		LocalMinimal|x64 = LocalMinimal|x64
		LocalTest|Any CPU = LocalTest|Any CPU
		LocalTest|x64 = LocalTest|x64
		LocalUiTest|Any CPU = LocalUiTest|Any CPU
		LocalUiTest|x64 = LocalUiTest|x64
		OnPremises|Any CPU = OnPremises|Any CPU
		OnPremises|x64 = OnPremises|x64
		OnPremisesRelease|Any CPU = OnPremisesRelease|Any CPU
		OnPremisesRelease|x64 = OnPremisesRelease|x64
		OnPremNpgsql|Any CPU = OnPremNpgsql|Any CPU
		OnPremNpgsql|x64 = OnPremNpgsql|x64
		OnPremYearSpecific|Any CPU = OnPremYearSpecific|Any CPU
		OnPremYearSpecific|x64 = OnPremYearSpecific|x64
		OnPremYearSpecificRelease|Any CPU = OnPremYearSpecificRelease|Any CPU
		OnPremYearSpecificRelease|x64 = OnPremYearSpecificRelease|x64
		Release|Any CPU = Release|Any CPU
		Release|x64 = Release|x64
	EndGlobalSection
	GlobalSection(ProjectConfigurationPlatforms) = postSolution
		{3FADE813-D96D-461C-A064-10B1534DAEB0}.AzureDev|Any CPU.ActiveCfg = Release|Any CPU
		{3FADE813-D96D-461C-A064-10B1534DAEB0}.AzureDev|Any CPU.Build.0 = Release|Any CPU
		{3FADE813-D96D-461C-A064-10B1534DAEB0}.AzureDev|x64.ActiveCfg = Debug|Any CPU
		{3FADE813-D96D-461C-A064-10B1534DAEB0}.AzureDev|x64.Build.0 = Debug|Any CPU
		{3FADE813-D96D-461C-A064-10B1534DAEB0}.AzureProd|Any CPU.ActiveCfg = Release|Any CPU
		{3FADE813-D96D-461C-A064-10B1534DAEB0}.AzureProd|Any CPU.Build.0 = Release|Any CPU
		{3FADE813-D96D-461C-A064-10B1534DAEB0}.AzureProd|x64.ActiveCfg = Debug|Any CPU
		{3FADE813-D96D-461C-A064-10B1534DAEB0}.AzureProd|x64.Build.0 = Debug|Any CPU
		{3FADE813-D96D-461C-A064-10B1534DAEB0}.AzureTest|Any CPU.ActiveCfg = Release|Any CPU
		{3FADE813-D96D-461C-A064-10B1534DAEB0}.AzureTest|Any CPU.Build.0 = Release|Any CPU
		{3FADE813-D96D-461C-A064-10B1534DAEB0}.AzureTest|x64.ActiveCfg = Debug|Any CPU
		{3FADE813-D96D-461C-A064-10B1534DAEB0}.AzureTest|x64.Build.0 = Debug|Any CPU
		{3FADE813-D96D-461C-A064-10B1534DAEB0}.Debug|Any CPU.ActiveCfg = Debug|Any CPU
		{3FADE813-D96D-461C-A064-10B1534DAEB0}.Debug|Any CPU.Build.0 = Debug|Any CPU
		{3FADE813-D96D-461C-A064-10B1534DAEB0}.Debug|x64.ActiveCfg = Debug|Any CPU
		{3FADE813-D96D-461C-A064-10B1534DAEB0}.Debug|x64.Build.0 = Debug|Any CPU
		{3FADE813-D96D-461C-A064-10B1534DAEB0}.LocalMinimal|Any CPU.ActiveCfg = Release|Any CPU
		{3FADE813-D96D-461C-A064-10B1534DAEB0}.LocalMinimal|Any CPU.Build.0 = Release|Any CPU
		{3FADE813-D96D-461C-A064-10B1534DAEB0}.LocalMinimal|x64.ActiveCfg = Debug|Any CPU
		{3FADE813-D96D-461C-A064-10B1534DAEB0}.LocalMinimal|x64.Build.0 = Debug|Any CPU
		{3FADE813-D96D-461C-A064-10B1534DAEB0}.LocalTest|Any CPU.ActiveCfg = Release|Any CPU
		{3FADE813-D96D-461C-A064-10B1534DAEB0}.LocalTest|Any CPU.Build.0 = Release|Any CPU
		{3FADE813-D96D-461C-A064-10B1534DAEB0}.LocalTest|x64.ActiveCfg = Debug|Any CPU
		{3FADE813-D96D-461C-A064-10B1534DAEB0}.LocalTest|x64.Build.0 = Debug|Any CPU
		{3FADE813-D96D-461C-A064-10B1534DAEB0}.LocalUiTest|Any CPU.ActiveCfg = Release|Any CPU
		{3FADE813-D96D-461C-A064-10B1534DAEB0}.LocalUiTest|Any CPU.Build.0 = Release|Any CPU
		{3FADE813-D96D-461C-A064-10B1534DAEB0}.LocalUiTest|x64.ActiveCfg = Debug|Any CPU
		{3FADE813-D96D-461C-A064-10B1534DAEB0}.LocalUiTest|x64.Build.0 = Debug|Any CPU
		{3FADE813-D96D-461C-A064-10B1534DAEB0}.OnPremises|Any CPU.ActiveCfg = OnPremises|Any CPU
		{3FADE813-D96D-461C-A064-10B1534DAEB0}.OnPremises|Any CPU.Build.0 = OnPremises|Any CPU
		{3FADE813-D96D-461C-A064-10B1534DAEB0}.OnPremises|x64.ActiveCfg = Debug|Any CPU
		{3FADE813-D96D-461C-A064-10B1534DAEB0}.OnPremises|x64.Build.0 = Debug|Any CPU
		{3FADE813-D96D-461C-A064-10B1534DAEB0}.OnPremisesRelease|Any CPU.ActiveCfg = OnPremisesRelease|Any CPU
		{3FADE813-D96D-461C-A064-10B1534DAEB0}.OnPremisesRelease|Any CPU.Build.0 = OnPremisesRelease|Any CPU
		{3FADE813-D96D-461C-A064-10B1534DAEB0}.OnPremisesRelease|x64.ActiveCfg = Release|Any CPU
		{3FADE813-D96D-461C-A064-10B1534DAEB0}.OnPremisesRelease|x64.Build.0 = Release|Any CPU
		{3FADE813-D96D-461C-A064-10B1534DAEB0}.OnPremNpgsql|Any CPU.ActiveCfg = OnPremNpgsql|Any CPU
		{3FADE813-D96D-461C-A064-10B1534DAEB0}.OnPremNpgsql|Any CPU.Build.0 = OnPremNpgsql|Any CPU
		{3FADE813-D96D-461C-A064-10B1534DAEB0}.OnPremNpgsql|x64.ActiveCfg = OnPremNpgsql|Any CPU
		{3FADE813-D96D-461C-A064-10B1534DAEB0}.OnPremNpgsql|x64.Build.0 = OnPremNpgsql|Any CPU
		{3FADE813-D96D-461C-A064-10B1534DAEB0}.OnPremYearSpecific|Any CPU.ActiveCfg = OnPremYearSpecific|Any CPU
		{3FADE813-D96D-461C-A064-10B1534DAEB0}.OnPremYearSpecific|Any CPU.Build.0 = OnPremYearSpecific|Any CPU
		{3FADE813-D96D-461C-A064-10B1534DAEB0}.OnPremYearSpecific|x64.ActiveCfg = OnPremYearSpecific|Any CPU
		{3FADE813-D96D-461C-A064-10B1534DAEB0}.OnPremYearSpecific|x64.Build.0 = OnPremYearSpecific|Any CPU
		{3FADE813-D96D-461C-A064-10B1534DAEB0}.OnPremYearSpecificRelease|Any CPU.ActiveCfg = OnPremYearSpecificRelease|Any CPU
		{3FADE813-D96D-461C-A064-10B1534DAEB0}.OnPremYearSpecificRelease|Any CPU.Build.0 = OnPremYearSpecificRelease|Any CPU
		{3FADE813-D96D-461C-A064-10B1534DAEB0}.OnPremYearSpecificRelease|x64.ActiveCfg = Release|Any CPU
		{3FADE813-D96D-461C-A064-10B1534DAEB0}.OnPremYearSpecificRelease|x64.Build.0 = Release|Any CPU
		{3FADE813-D96D-461C-A064-10B1534DAEB0}.Release|Any CPU.ActiveCfg = Release|Any CPU
		{3FADE813-D96D-461C-A064-10B1534DAEB0}.Release|Any CPU.Build.0 = Release|Any CPU
		{3FADE813-D96D-461C-A064-10B1534DAEB0}.Release|x64.ActiveCfg = Release|Any CPU
		{3FADE813-D96D-461C-A064-10B1534DAEB0}.Release|x64.Build.0 = Release|Any CPU
		{FBBA172C-6F81-4753-92B9-C31277B032DD}.AzureDev|Any CPU.ActiveCfg = Release|Any CPU
		{FBBA172C-6F81-4753-92B9-C31277B032DD}.AzureDev|Any CPU.Build.0 = Release|Any CPU
		{FBBA172C-6F81-4753-92B9-C31277B032DD}.AzureDev|x64.ActiveCfg = Debug|Any CPU
		{FBBA172C-6F81-4753-92B9-C31277B032DD}.AzureDev|x64.Build.0 = Debug|Any CPU
		{FBBA172C-6F81-4753-92B9-C31277B032DD}.AzureProd|Any CPU.ActiveCfg = Release|Any CPU
		{FBBA172C-6F81-4753-92B9-C31277B032DD}.AzureProd|Any CPU.Build.0 = Release|Any CPU
		{FBBA172C-6F81-4753-92B9-C31277B032DD}.AzureProd|x64.ActiveCfg = Debug|Any CPU
		{FBBA172C-6F81-4753-92B9-C31277B032DD}.AzureProd|x64.Build.0 = Debug|Any CPU
		{FBBA172C-6F81-4753-92B9-C31277B032DD}.AzureTest|Any CPU.ActiveCfg = Release|Any CPU
		{FBBA172C-6F81-4753-92B9-C31277B032DD}.AzureTest|Any CPU.Build.0 = Release|Any CPU
		{FBBA172C-6F81-4753-92B9-C31277B032DD}.AzureTest|x64.ActiveCfg = Debug|Any CPU
		{FBBA172C-6F81-4753-92B9-C31277B032DD}.AzureTest|x64.Build.0 = Debug|Any CPU
		{FBBA172C-6F81-4753-92B9-C31277B032DD}.Debug|Any CPU.ActiveCfg = Debug|Any CPU
		{FBBA172C-6F81-4753-92B9-C31277B032DD}.Debug|Any CPU.Build.0 = Debug|Any CPU
		{FBBA172C-6F81-4753-92B9-C31277B032DD}.Debug|x64.ActiveCfg = Debug|Any CPU
		{FBBA172C-6F81-4753-92B9-C31277B032DD}.Debug|x64.Build.0 = Debug|Any CPU
		{FBBA172C-6F81-4753-92B9-C31277B032DD}.LocalMinimal|Any CPU.ActiveCfg = Release|Any CPU
		{FBBA172C-6F81-4753-92B9-C31277B032DD}.LocalMinimal|Any CPU.Build.0 = Release|Any CPU
		{FBBA172C-6F81-4753-92B9-C31277B032DD}.LocalMinimal|x64.ActiveCfg = Debug|Any CPU
		{FBBA172C-6F81-4753-92B9-C31277B032DD}.LocalMinimal|x64.Build.0 = Debug|Any CPU
		{FBBA172C-6F81-4753-92B9-C31277B032DD}.LocalTest|Any CPU.ActiveCfg = Release|Any CPU
		{FBBA172C-6F81-4753-92B9-C31277B032DD}.LocalTest|Any CPU.Build.0 = Release|Any CPU
		{FBBA172C-6F81-4753-92B9-C31277B032DD}.LocalTest|x64.ActiveCfg = Debug|Any CPU
		{FBBA172C-6F81-4753-92B9-C31277B032DD}.LocalTest|x64.Build.0 = Debug|Any CPU
		{FBBA172C-6F81-4753-92B9-C31277B032DD}.LocalUiTest|Any CPU.ActiveCfg = Release|Any CPU
		{FBBA172C-6F81-4753-92B9-C31277B032DD}.LocalUiTest|Any CPU.Build.0 = Release|Any CPU
		{FBBA172C-6F81-4753-92B9-C31277B032DD}.LocalUiTest|x64.ActiveCfg = Debug|Any CPU
		{FBBA172C-6F81-4753-92B9-C31277B032DD}.LocalUiTest|x64.Build.0 = Debug|Any CPU
		{FBBA172C-6F81-4753-92B9-C31277B032DD}.OnPremises|Any CPU.ActiveCfg = OnPremises|Any CPU
		{FBBA172C-6F81-4753-92B9-C31277B032DD}.OnPremises|Any CPU.Build.0 = OnPremises|Any CPU
		{FBBA172C-6F81-4753-92B9-C31277B032DD}.OnPremises|x64.ActiveCfg = OnPremises|Any CPU
		{FBBA172C-6F81-4753-92B9-C31277B032DD}.OnPremises|x64.Build.0 = OnPremises|Any CPU
		{FBBA172C-6F81-4753-92B9-C31277B032DD}.OnPremisesRelease|Any CPU.ActiveCfg = Release|Any CPU
		{FBBA172C-6F81-4753-92B9-C31277B032DD}.OnPremisesRelease|Any CPU.Build.0 = Release|Any CPU
		{FBBA172C-6F81-4753-92B9-C31277B032DD}.OnPremisesRelease|x64.ActiveCfg = Release|Any CPU
		{FBBA172C-6F81-4753-92B9-C31277B032DD}.OnPremisesRelease|x64.Build.0 = Release|Any CPU
		{FBBA172C-6F81-4753-92B9-C31277B032DD}.OnPremNpgsql|Any CPU.ActiveCfg = Debug|Any CPU
		{FBBA172C-6F81-4753-92B9-C31277B032DD}.OnPremNpgsql|Any CPU.Build.0 = Debug|Any CPU
		{FBBA172C-6F81-4753-92B9-C31277B032DD}.OnPremNpgsql|x64.ActiveCfg = OnPremNpgsql|Any CPU
		{FBBA172C-6F81-4753-92B9-C31277B032DD}.OnPremNpgsql|x64.Build.0 = OnPremNpgsql|Any CPU
		{FBBA172C-6F81-4753-92B9-C31277B032DD}.OnPremYearSpecific|Any CPU.ActiveCfg = Debug|Any CPU
		{FBBA172C-6F81-4753-92B9-C31277B032DD}.OnPremYearSpecific|Any CPU.Build.0 = Debug|Any CPU
		{FBBA172C-6F81-4753-92B9-C31277B032DD}.OnPremYearSpecific|x64.ActiveCfg = OnPremises|Any CPU
		{FBBA172C-6F81-4753-92B9-C31277B032DD}.OnPremYearSpecific|x64.Build.0 = OnPremises|Any CPU
		{FBBA172C-6F81-4753-92B9-C31277B032DD}.OnPremYearSpecificRelease|Any CPU.ActiveCfg = Release|Any CPU
		{FBBA172C-6F81-4753-92B9-C31277B032DD}.OnPremYearSpecificRelease|Any CPU.Build.0 = Release|Any CPU
		{FBBA172C-6F81-4753-92B9-C31277B032DD}.OnPremYearSpecificRelease|x64.ActiveCfg = Release|Any CPU
		{FBBA172C-6F81-4753-92B9-C31277B032DD}.OnPremYearSpecificRelease|x64.Build.0 = Release|Any CPU
		{FBBA172C-6F81-4753-92B9-C31277B032DD}.Release|Any CPU.ActiveCfg = Release|Any CPU
		{FBBA172C-6F81-4753-92B9-C31277B032DD}.Release|Any CPU.Build.0 = Release|Any CPU
		{FBBA172C-6F81-4753-92B9-C31277B032DD}.Release|x64.ActiveCfg = Release|Any CPU
		{FBBA172C-6F81-4753-92B9-C31277B032DD}.Release|x64.Build.0 = Release|Any CPU
		{55E0CD4B-926F-47AB-AAFF-B47C320254F6}.AzureDev|Any CPU.ActiveCfg = Release|Any CPU
		{55E0CD4B-926F-47AB-AAFF-B47C320254F6}.AzureDev|Any CPU.Build.0 = Release|Any CPU
		{55E0CD4B-926F-47AB-AAFF-B47C320254F6}.AzureDev|x64.ActiveCfg = Debug|Any CPU
		{55E0CD4B-926F-47AB-AAFF-B47C320254F6}.AzureDev|x64.Build.0 = Debug|Any CPU
		{55E0CD4B-926F-47AB-AAFF-B47C320254F6}.AzureProd|Any CPU.ActiveCfg = Release|Any CPU
		{55E0CD4B-926F-47AB-AAFF-B47C320254F6}.AzureProd|Any CPU.Build.0 = Release|Any CPU
		{55E0CD4B-926F-47AB-AAFF-B47C320254F6}.AzureProd|x64.ActiveCfg = Debug|Any CPU
		{55E0CD4B-926F-47AB-AAFF-B47C320254F6}.AzureProd|x64.Build.0 = Debug|Any CPU
		{55E0CD4B-926F-47AB-AAFF-B47C320254F6}.AzureTest|Any CPU.ActiveCfg = Release|Any CPU
		{55E0CD4B-926F-47AB-AAFF-B47C320254F6}.AzureTest|Any CPU.Build.0 = Release|Any CPU
		{55E0CD4B-926F-47AB-AAFF-B47C320254F6}.AzureTest|x64.ActiveCfg = Debug|Any CPU
		{55E0CD4B-926F-47AB-AAFF-B47C320254F6}.AzureTest|x64.Build.0 = Debug|Any CPU
		{55E0CD4B-926F-47AB-AAFF-B47C320254F6}.Debug|Any CPU.ActiveCfg = Debug|Any CPU
		{55E0CD4B-926F-47AB-AAFF-B47C320254F6}.Debug|Any CPU.Build.0 = Debug|Any CPU
		{55E0CD4B-926F-47AB-AAFF-B47C320254F6}.Debug|x64.ActiveCfg = Debug|Any CPU
		{55E0CD4B-926F-47AB-AAFF-B47C320254F6}.Debug|x64.Build.0 = Debug|Any CPU
		{55E0CD4B-926F-47AB-AAFF-B47C320254F6}.LocalMinimal|Any CPU.ActiveCfg = Release|Any CPU
		{55E0CD4B-926F-47AB-AAFF-B47C320254F6}.LocalMinimal|Any CPU.Build.0 = Release|Any CPU
		{55E0CD4B-926F-47AB-AAFF-B47C320254F6}.LocalMinimal|x64.ActiveCfg = Debug|Any CPU
		{55E0CD4B-926F-47AB-AAFF-B47C320254F6}.LocalMinimal|x64.Build.0 = Debug|Any CPU
		{55E0CD4B-926F-47AB-AAFF-B47C320254F6}.LocalTest|Any CPU.ActiveCfg = Release|Any CPU
		{55E0CD4B-926F-47AB-AAFF-B47C320254F6}.LocalTest|Any CPU.Build.0 = Release|Any CPU
		{55E0CD4B-926F-47AB-AAFF-B47C320254F6}.LocalTest|x64.ActiveCfg = Debug|Any CPU
		{55E0CD4B-926F-47AB-AAFF-B47C320254F6}.LocalTest|x64.Build.0 = Debug|Any CPU
		{55E0CD4B-926F-47AB-AAFF-B47C320254F6}.LocalUiTest|Any CPU.ActiveCfg = Release|Any CPU
		{55E0CD4B-926F-47AB-AAFF-B47C320254F6}.LocalUiTest|Any CPU.Build.0 = Release|Any CPU
		{55E0CD4B-926F-47AB-AAFF-B47C320254F6}.LocalUiTest|x64.ActiveCfg = Debug|Any CPU
		{55E0CD4B-926F-47AB-AAFF-B47C320254F6}.LocalUiTest|x64.Build.0 = Debug|Any CPU
		{55E0CD4B-926F-47AB-AAFF-B47C320254F6}.OnPremises|Any CPU.ActiveCfg = Debug|Any CPU
		{55E0CD4B-926F-47AB-AAFF-B47C320254F6}.OnPremises|Any CPU.Build.0 = Debug|Any CPU
		{55E0CD4B-926F-47AB-AAFF-B47C320254F6}.OnPremises|x64.ActiveCfg = Debug|Any CPU
		{55E0CD4B-926F-47AB-AAFF-B47C320254F6}.OnPremises|x64.Build.0 = Debug|Any CPU
		{55E0CD4B-926F-47AB-AAFF-B47C320254F6}.OnPremisesRelease|Any CPU.ActiveCfg = Release|Any CPU
		{55E0CD4B-926F-47AB-AAFF-B47C320254F6}.OnPremisesRelease|Any CPU.Build.0 = Release|Any CPU
		{55E0CD4B-926F-47AB-AAFF-B47C320254F6}.OnPremisesRelease|x64.ActiveCfg = Release|Any CPU
		{55E0CD4B-926F-47AB-AAFF-B47C320254F6}.OnPremisesRelease|x64.Build.0 = Release|Any CPU
		{55E0CD4B-926F-47AB-AAFF-B47C320254F6}.OnPremNpgsql|Any CPU.ActiveCfg = Debug|Any CPU
		{55E0CD4B-926F-47AB-AAFF-B47C320254F6}.OnPremNpgsql|Any CPU.Build.0 = Debug|Any CPU
		{55E0CD4B-926F-47AB-AAFF-B47C320254F6}.OnPremNpgsql|x64.ActiveCfg = OnPremNpgsql|Any CPU
		{55E0CD4B-926F-47AB-AAFF-B47C320254F6}.OnPremNpgsql|x64.Build.0 = OnPremNpgsql|Any CPU
		{55E0CD4B-926F-47AB-AAFF-B47C320254F6}.OnPremYearSpecific|Any CPU.ActiveCfg = Debug|Any CPU
		{55E0CD4B-926F-47AB-AAFF-B47C320254F6}.OnPremYearSpecific|Any CPU.Build.0 = Debug|Any CPU
		{55E0CD4B-926F-47AB-AAFF-B47C320254F6}.OnPremYearSpecific|x64.ActiveCfg = OnPremises|Any CPU
		{55E0CD4B-926F-47AB-AAFF-B47C320254F6}.OnPremYearSpecific|x64.Build.0 = OnPremises|Any CPU
		{55E0CD4B-926F-47AB-AAFF-B47C320254F6}.OnPremYearSpecificRelease|Any CPU.ActiveCfg = Release|Any CPU
		{55E0CD4B-926F-47AB-AAFF-B47C320254F6}.OnPremYearSpecificRelease|Any CPU.Build.0 = Release|Any CPU
		{55E0CD4B-926F-47AB-AAFF-B47C320254F6}.OnPremYearSpecificRelease|x64.ActiveCfg = Release|Any CPU
		{55E0CD4B-926F-47AB-AAFF-B47C320254F6}.OnPremYearSpecificRelease|x64.Build.0 = Release|Any CPU
		{55E0CD4B-926F-47AB-AAFF-B47C320254F6}.Release|Any CPU.ActiveCfg = Release|Any CPU
		{55E0CD4B-926F-47AB-AAFF-B47C320254F6}.Release|Any CPU.Build.0 = Release|Any CPU
		{55E0CD4B-926F-47AB-AAFF-B47C320254F6}.Release|x64.ActiveCfg = Release|Any CPU
		{55E0CD4B-926F-47AB-AAFF-B47C320254F6}.Release|x64.Build.0 = Release|Any CPU
		{B82F4C32-2988-49F6-A085-C05353CD2920}.AzureDev|Any CPU.ActiveCfg = Release|Any CPU
		{B82F4C32-2988-49F6-A085-C05353CD2920}.AzureDev|Any CPU.Build.0 = Release|Any CPU
		{B82F4C32-2988-49F6-A085-C05353CD2920}.AzureDev|x64.ActiveCfg = Debug|Any CPU
		{B82F4C32-2988-49F6-A085-C05353CD2920}.AzureDev|x64.Build.0 = Debug|Any CPU
		{B82F4C32-2988-49F6-A085-C05353CD2920}.AzureProd|Any CPU.ActiveCfg = Release|Any CPU
		{B82F4C32-2988-49F6-A085-C05353CD2920}.AzureProd|Any CPU.Build.0 = Release|Any CPU
		{B82F4C32-2988-49F6-A085-C05353CD2920}.AzureProd|x64.ActiveCfg = Debug|Any CPU
		{B82F4C32-2988-49F6-A085-C05353CD2920}.AzureProd|x64.Build.0 = Debug|Any CPU
		{B82F4C32-2988-49F6-A085-C05353CD2920}.AzureTest|Any CPU.ActiveCfg = Release|Any CPU
		{B82F4C32-2988-49F6-A085-C05353CD2920}.AzureTest|Any CPU.Build.0 = Release|Any CPU
		{B82F4C32-2988-49F6-A085-C05353CD2920}.AzureTest|x64.ActiveCfg = Debug|Any CPU
		{B82F4C32-2988-49F6-A085-C05353CD2920}.AzureTest|x64.Build.0 = Debug|Any CPU
		{B82F4C32-2988-49F6-A085-C05353CD2920}.Debug|Any CPU.ActiveCfg = Debug|Any CPU
		{B82F4C32-2988-49F6-A085-C05353CD2920}.Debug|Any CPU.Build.0 = Debug|Any CPU
		{B82F4C32-2988-49F6-A085-C05353CD2920}.Debug|x64.ActiveCfg = Debug|Any CPU
		{B82F4C32-2988-49F6-A085-C05353CD2920}.Debug|x64.Build.0 = Debug|Any CPU
		{B82F4C32-2988-49F6-A085-C05353CD2920}.LocalMinimal|Any CPU.ActiveCfg = Release|Any CPU
		{B82F4C32-2988-49F6-A085-C05353CD2920}.LocalMinimal|Any CPU.Build.0 = Release|Any CPU
		{B82F4C32-2988-49F6-A085-C05353CD2920}.LocalMinimal|x64.ActiveCfg = Debug|Any CPU
		{B82F4C32-2988-49F6-A085-C05353CD2920}.LocalMinimal|x64.Build.0 = Debug|Any CPU
		{B82F4C32-2988-49F6-A085-C05353CD2920}.LocalTest|Any CPU.ActiveCfg = Release|Any CPU
		{B82F4C32-2988-49F6-A085-C05353CD2920}.LocalTest|Any CPU.Build.0 = Release|Any CPU
		{B82F4C32-2988-49F6-A085-C05353CD2920}.LocalTest|x64.ActiveCfg = Debug|Any CPU
		{B82F4C32-2988-49F6-A085-C05353CD2920}.LocalTest|x64.Build.0 = Debug|Any CPU
		{B82F4C32-2988-49F6-A085-C05353CD2920}.LocalUiTest|Any CPU.ActiveCfg = Release|Any CPU
		{B82F4C32-2988-49F6-A085-C05353CD2920}.LocalUiTest|Any CPU.Build.0 = Release|Any CPU
		{B82F4C32-2988-49F6-A085-C05353CD2920}.LocalUiTest|x64.ActiveCfg = Debug|Any CPU
		{B82F4C32-2988-49F6-A085-C05353CD2920}.LocalUiTest|x64.Build.0 = Debug|Any CPU
		{B82F4C32-2988-49F6-A085-C05353CD2920}.OnPremises|Any CPU.ActiveCfg = Debug|Any CPU
		{B82F4C32-2988-49F6-A085-C05353CD2920}.OnPremises|Any CPU.Build.0 = Debug|Any CPU
		{B82F4C32-2988-49F6-A085-C05353CD2920}.OnPremises|x64.ActiveCfg = Debug|Any CPU
		{B82F4C32-2988-49F6-A085-C05353CD2920}.OnPremises|x64.Build.0 = Debug|Any CPU
		{B82F4C32-2988-49F6-A085-C05353CD2920}.OnPremisesRelease|Any CPU.ActiveCfg = Release|Any CPU
		{B82F4C32-2988-49F6-A085-C05353CD2920}.OnPremisesRelease|Any CPU.Build.0 = Release|Any CPU
		{B82F4C32-2988-49F6-A085-C05353CD2920}.OnPremisesRelease|x64.ActiveCfg = Release|Any CPU
		{B82F4C32-2988-49F6-A085-C05353CD2920}.OnPremisesRelease|x64.Build.0 = Release|Any CPU
		{B82F4C32-2988-49F6-A085-C05353CD2920}.OnPremNpgsql|Any CPU.ActiveCfg = Debug|Any CPU
		{B82F4C32-2988-49F6-A085-C05353CD2920}.OnPremNpgsql|Any CPU.Build.0 = Debug|Any CPU
		{B82F4C32-2988-49F6-A085-C05353CD2920}.OnPremNpgsql|x64.ActiveCfg = OnPremNpgsql|Any CPU
		{B82F4C32-2988-49F6-A085-C05353CD2920}.OnPremNpgsql|x64.Build.0 = OnPremNpgsql|Any CPU
		{B82F4C32-2988-49F6-A085-C05353CD2920}.OnPremYearSpecific|Any CPU.ActiveCfg = Debug|Any CPU
		{B82F4C32-2988-49F6-A085-C05353CD2920}.OnPremYearSpecific|Any CPU.Build.0 = Debug|Any CPU
		{B82F4C32-2988-49F6-A085-C05353CD2920}.OnPremYearSpecific|x64.ActiveCfg = OnPremises|Any CPU
		{B82F4C32-2988-49F6-A085-C05353CD2920}.OnPremYearSpecific|x64.Build.0 = OnPremises|Any CPU
		{B82F4C32-2988-49F6-A085-C05353CD2920}.OnPremYearSpecificRelease|Any CPU.ActiveCfg = Release|Any CPU
		{B82F4C32-2988-49F6-A085-C05353CD2920}.OnPremYearSpecificRelease|Any CPU.Build.0 = Release|Any CPU
		{B82F4C32-2988-49F6-A085-C05353CD2920}.OnPremYearSpecificRelease|x64.ActiveCfg = Release|Any CPU
		{B82F4C32-2988-49F6-A085-C05353CD2920}.OnPremYearSpecificRelease|x64.Build.0 = Release|Any CPU
		{B82F4C32-2988-49F6-A085-C05353CD2920}.Release|Any CPU.ActiveCfg = Release|Any CPU
		{B82F4C32-2988-49F6-A085-C05353CD2920}.Release|Any CPU.Build.0 = Release|Any CPU
		{B82F4C32-2988-49F6-A085-C05353CD2920}.Release|x64.ActiveCfg = Release|Any CPU
		{B82F4C32-2988-49F6-A085-C05353CD2920}.Release|x64.Build.0 = Release|Any CPU
		{A1951107-BE72-4745-8C9E-6EC1F741384D}.AzureDev|Any CPU.ActiveCfg = Release|Any CPU
		{A1951107-BE72-4745-8C9E-6EC1F741384D}.AzureDev|Any CPU.Build.0 = Release|Any CPU
		{A1951107-BE72-4745-8C9E-6EC1F741384D}.AzureDev|x64.ActiveCfg = Debug|Any CPU
		{A1951107-BE72-4745-8C9E-6EC1F741384D}.AzureProd|Any CPU.ActiveCfg = Release|Any CPU
		{A1951107-BE72-4745-8C9E-6EC1F741384D}.AzureProd|Any CPU.Build.0 = Release|Any CPU
		{A1951107-BE72-4745-8C9E-6EC1F741384D}.AzureProd|x64.ActiveCfg = Debug|Any CPU
		{A1951107-BE72-4745-8C9E-6EC1F741384D}.AzureTest|Any CPU.ActiveCfg = Release|Any CPU
		{A1951107-BE72-4745-8C9E-6EC1F741384D}.AzureTest|Any CPU.Build.0 = Release|Any CPU
		{A1951107-BE72-4745-8C9E-6EC1F741384D}.AzureTest|x64.ActiveCfg = Debug|Any CPU
		{A1951107-BE72-4745-8C9E-6EC1F741384D}.Debug|Any CPU.ActiveCfg = Debug|Any CPU
		{A1951107-BE72-4745-8C9E-6EC1F741384D}.Debug|Any CPU.Build.0 = Debug|Any CPU
		{A1951107-BE72-4745-8C9E-6EC1F741384D}.Debug|x64.ActiveCfg = Debug|Any CPU
		{A1951107-BE72-4745-8C9E-6EC1F741384D}.LocalMinimal|Any CPU.ActiveCfg = Release|Any CPU
		{A1951107-BE72-4745-8C9E-6EC1F741384D}.LocalMinimal|Any CPU.Build.0 = Release|Any CPU
		{A1951107-BE72-4745-8C9E-6EC1F741384D}.LocalMinimal|x64.ActiveCfg = Debug|Any CPU
		{A1951107-BE72-4745-8C9E-6EC1F741384D}.LocalTest|Any CPU.ActiveCfg = Release|Any CPU
		{A1951107-BE72-4745-8C9E-6EC1F741384D}.LocalTest|Any CPU.Build.0 = Release|Any CPU
		{A1951107-BE72-4745-8C9E-6EC1F741384D}.LocalTest|x64.ActiveCfg = Debug|Any CPU
		{A1951107-BE72-4745-8C9E-6EC1F741384D}.LocalUiTest|Any CPU.ActiveCfg = Release|Any CPU
		{A1951107-BE72-4745-8C9E-6EC1F741384D}.LocalUiTest|Any CPU.Build.0 = Release|Any CPU
		{A1951107-BE72-4745-8C9E-6EC1F741384D}.LocalUiTest|x64.ActiveCfg = Debug|Any CPU
		{A1951107-BE72-4745-8C9E-6EC1F741384D}.OnPremises|Any CPU.ActiveCfg = Debug|Any CPU
		{A1951107-BE72-4745-8C9E-6EC1F741384D}.OnPremises|Any CPU.Build.0 = Debug|Any CPU
		{A1951107-BE72-4745-8C9E-6EC1F741384D}.OnPremises|x64.ActiveCfg = Debug|Any CPU
		{A1951107-BE72-4745-8C9E-6EC1F741384D}.OnPremises|x64.Build.0 = Debug|Any CPU
		{A1951107-BE72-4745-8C9E-6EC1F741384D}.OnPremisesRelease|Any CPU.ActiveCfg = Release|Any CPU
		{A1951107-BE72-4745-8C9E-6EC1F741384D}.OnPremisesRelease|Any CPU.Build.0 = Release|Any CPU
		{A1951107-BE72-4745-8C9E-6EC1F741384D}.OnPremisesRelease|x64.ActiveCfg = Release|Any CPU
		{A1951107-BE72-4745-8C9E-6EC1F741384D}.OnPremNpgsql|Any CPU.ActiveCfg = Debug|Any CPU
		{A1951107-BE72-4745-8C9E-6EC1F741384D}.OnPremNpgsql|Any CPU.Build.0 = Debug|Any CPU
		{A1951107-BE72-4745-8C9E-6EC1F741384D}.OnPremNpgsql|x64.ActiveCfg = OnPremNpgsql|Any CPU
		{A1951107-BE72-4745-8C9E-6EC1F741384D}.OnPremNpgsql|x64.Build.0 = OnPremNpgsql|Any CPU
		{A1951107-BE72-4745-8C9E-6EC1F741384D}.OnPremYearSpecific|Any CPU.ActiveCfg = Debug|Any CPU
		{A1951107-BE72-4745-8C9E-6EC1F741384D}.OnPremYearSpecific|Any CPU.Build.0 = Debug|Any CPU
		{A1951107-BE72-4745-8C9E-6EC1F741384D}.OnPremYearSpecific|x64.ActiveCfg = OnPremises|Any CPU
		{A1951107-BE72-4745-8C9E-6EC1F741384D}.OnPremYearSpecific|x64.Build.0 = OnPremises|Any CPU
		{A1951107-BE72-4745-8C9E-6EC1F741384D}.OnPremYearSpecificRelease|Any CPU.ActiveCfg = Release|Any CPU
		{A1951107-BE72-4745-8C9E-6EC1F741384D}.OnPremYearSpecificRelease|Any CPU.Build.0 = Release|Any CPU
		{A1951107-BE72-4745-8C9E-6EC1F741384D}.OnPremYearSpecificRelease|x64.ActiveCfg = Release|Any CPU
		{A1951107-BE72-4745-8C9E-6EC1F741384D}.Release|Any CPU.ActiveCfg = Release|Any CPU
		{A1951107-BE72-4745-8C9E-6EC1F741384D}.Release|Any CPU.Build.0 = Release|Any CPU
		{A1951107-BE72-4745-8C9E-6EC1F741384D}.Release|x64.ActiveCfg = Release|Any CPU
		{3445A692-0457-4969-B8A8-206106BADCAC}.AzureDev|Any CPU.ActiveCfg = Release|Any CPU
		{3445A692-0457-4969-B8A8-206106BADCAC}.AzureDev|Any CPU.Build.0 = Release|Any CPU
		{3445A692-0457-4969-B8A8-206106BADCAC}.AzureDev|x64.ActiveCfg = Release|Any CPU
		{3445A692-0457-4969-B8A8-206106BADCAC}.AzureDev|x64.Build.0 = Release|Any CPU
		{3445A692-0457-4969-B8A8-206106BADCAC}.AzureProd|Any CPU.ActiveCfg = Release|Any CPU
		{3445A692-0457-4969-B8A8-206106BADCAC}.AzureProd|Any CPU.Build.0 = Release|Any CPU
		{3445A692-0457-4969-B8A8-206106BADCAC}.AzureProd|x64.ActiveCfg = Release|Any CPU
		{3445A692-0457-4969-B8A8-206106BADCAC}.AzureProd|x64.Build.0 = Release|Any CPU
		{3445A692-0457-4969-B8A8-206106BADCAC}.AzureTest|Any CPU.ActiveCfg = Release|Any CPU
		{3445A692-0457-4969-B8A8-206106BADCAC}.AzureTest|Any CPU.Build.0 = Release|Any CPU
		{3445A692-0457-4969-B8A8-206106BADCAC}.AzureTest|x64.ActiveCfg = Release|Any CPU
		{3445A692-0457-4969-B8A8-206106BADCAC}.AzureTest|x64.Build.0 = Release|Any CPU
		{3445A692-0457-4969-B8A8-206106BADCAC}.Debug|Any CPU.ActiveCfg = Debug|Any CPU
		{3445A692-0457-4969-B8A8-206106BADCAC}.Debug|Any CPU.Build.0 = Debug|Any CPU
		{3445A692-0457-4969-B8A8-206106BADCAC}.Debug|x64.ActiveCfg = Debug|Any CPU
		{3445A692-0457-4969-B8A8-206106BADCAC}.Debug|x64.Build.0 = Debug|Any CPU
		{3445A692-0457-4969-B8A8-206106BADCAC}.LocalMinimal|Any CPU.ActiveCfg = Release|Any CPU
		{3445A692-0457-4969-B8A8-206106BADCAC}.LocalMinimal|Any CPU.Build.0 = Release|Any CPU
		{3445A692-0457-4969-B8A8-206106BADCAC}.LocalMinimal|x64.ActiveCfg = Release|Any CPU
		{3445A692-0457-4969-B8A8-206106BADCAC}.LocalMinimal|x64.Build.0 = Release|Any CPU
		{3445A692-0457-4969-B8A8-206106BADCAC}.LocalTest|Any CPU.ActiveCfg = Release|Any CPU
		{3445A692-0457-4969-B8A8-206106BADCAC}.LocalTest|Any CPU.Build.0 = Release|Any CPU
		{3445A692-0457-4969-B8A8-206106BADCAC}.LocalTest|x64.ActiveCfg = Release|Any CPU
		{3445A692-0457-4969-B8A8-206106BADCAC}.LocalTest|x64.Build.0 = Release|Any CPU
		{3445A692-0457-4969-B8A8-206106BADCAC}.LocalUiTest|Any CPU.ActiveCfg = Release|Any CPU
		{3445A692-0457-4969-B8A8-206106BADCAC}.LocalUiTest|Any CPU.Build.0 = Release|Any CPU
		{3445A692-0457-4969-B8A8-206106BADCAC}.LocalUiTest|x64.ActiveCfg = Release|Any CPU
		{3445A692-0457-4969-B8A8-206106BADCAC}.LocalUiTest|x64.Build.0 = Release|Any CPU
		{3445A692-0457-4969-B8A8-206106BADCAC}.OnPremises|Any CPU.ActiveCfg = Debug|Any CPU
		{3445A692-0457-4969-B8A8-206106BADCAC}.OnPremises|Any CPU.Build.0 = Debug|Any CPU
		{3445A692-0457-4969-B8A8-206106BADCAC}.OnPremises|x64.ActiveCfg = Debug|Any CPU
		{3445A692-0457-4969-B8A8-206106BADCAC}.OnPremises|x64.Build.0 = Debug|Any CPU
		{3445A692-0457-4969-B8A8-206106BADCAC}.OnPremisesRelease|Any CPU.ActiveCfg = Release|Any CPU
		{3445A692-0457-4969-B8A8-206106BADCAC}.OnPremisesRelease|Any CPU.Build.0 = Release|Any CPU
		{3445A692-0457-4969-B8A8-206106BADCAC}.OnPremisesRelease|x64.ActiveCfg = Release|Any CPU
		{3445A692-0457-4969-B8A8-206106BADCAC}.OnPremisesRelease|x64.Build.0 = Release|Any CPU
		{3445A692-0457-4969-B8A8-206106BADCAC}.OnPremNpgsql|Any CPU.ActiveCfg = Debug|Any CPU
		{3445A692-0457-4969-B8A8-206106BADCAC}.OnPremNpgsql|Any CPU.Build.0 = Debug|Any CPU
		{3445A692-0457-4969-B8A8-206106BADCAC}.OnPremNpgsql|x64.ActiveCfg = OnPremNpgsql|Any CPU
		{3445A692-0457-4969-B8A8-206106BADCAC}.OnPremNpgsql|x64.Build.0 = OnPremNpgsql|Any CPU
		{3445A692-0457-4969-B8A8-206106BADCAC}.OnPremYearSpecific|Any CPU.ActiveCfg = Debug|Any CPU
		{3445A692-0457-4969-B8A8-206106BADCAC}.OnPremYearSpecific|Any CPU.Build.0 = Debug|Any CPU
		{3445A692-0457-4969-B8A8-206106BADCAC}.OnPremYearSpecific|x64.ActiveCfg = OnPremises|Any CPU
		{3445A692-0457-4969-B8A8-206106BADCAC}.OnPremYearSpecific|x64.Build.0 = OnPremises|Any CPU
		{3445A692-0457-4969-B8A8-206106BADCAC}.OnPremYearSpecificRelease|Any CPU.ActiveCfg = Release|Any CPU
		{3445A692-0457-4969-B8A8-206106BADCAC}.OnPremYearSpecificRelease|Any CPU.Build.0 = Release|Any CPU
		{3445A692-0457-4969-B8A8-206106BADCAC}.OnPremYearSpecificRelease|x64.ActiveCfg = Release|Any CPU
		{3445A692-0457-4969-B8A8-206106BADCAC}.OnPremYearSpecificRelease|x64.Build.0 = Release|Any CPU
		{3445A692-0457-4969-B8A8-206106BADCAC}.Release|Any CPU.ActiveCfg = Release|Any CPU
		{3445A692-0457-4969-B8A8-206106BADCAC}.Release|Any CPU.Build.0 = Release|Any CPU
		{3445A692-0457-4969-B8A8-206106BADCAC}.Release|x64.ActiveCfg = Release|Any CPU
		{3445A692-0457-4969-B8A8-206106BADCAC}.Release|x64.Build.0 = Release|Any CPU
		{6B42780F-5C2E-49D8-88DF-5DBD49244B4F}.AzureDev|Any CPU.ActiveCfg = Release|Any CPU
		{6B42780F-5C2E-49D8-88DF-5DBD49244B4F}.AzureDev|Any CPU.Build.0 = Release|Any CPU
		{6B42780F-5C2E-49D8-88DF-5DBD49244B4F}.AzureDev|x64.ActiveCfg = Release|Any CPU
		{6B42780F-5C2E-49D8-88DF-5DBD49244B4F}.AzureDev|x64.Build.0 = Release|Any CPU
		{6B42780F-5C2E-49D8-88DF-5DBD49244B4F}.AzureProd|Any CPU.ActiveCfg = Release|Any CPU
		{6B42780F-5C2E-49D8-88DF-5DBD49244B4F}.AzureProd|Any CPU.Build.0 = Release|Any CPU
		{6B42780F-5C2E-49D8-88DF-5DBD49244B4F}.AzureProd|x64.ActiveCfg = Release|Any CPU
		{6B42780F-5C2E-49D8-88DF-5DBD49244B4F}.AzureProd|x64.Build.0 = Release|Any CPU
		{6B42780F-5C2E-49D8-88DF-5DBD49244B4F}.AzureTest|Any CPU.ActiveCfg = Release|Any CPU
		{6B42780F-5C2E-49D8-88DF-5DBD49244B4F}.AzureTest|Any CPU.Build.0 = Release|Any CPU
		{6B42780F-5C2E-49D8-88DF-5DBD49244B4F}.AzureTest|x64.ActiveCfg = Release|Any CPU
		{6B42780F-5C2E-49D8-88DF-5DBD49244B4F}.AzureTest|x64.Build.0 = Release|Any CPU
		{6B42780F-5C2E-49D8-88DF-5DBD49244B4F}.Debug|Any CPU.ActiveCfg = Debug|Any CPU
		{6B42780F-5C2E-49D8-88DF-5DBD49244B4F}.Debug|Any CPU.Build.0 = Debug|Any CPU
		{6B42780F-5C2E-49D8-88DF-5DBD49244B4F}.Debug|x64.ActiveCfg = Debug|Any CPU
		{6B42780F-5C2E-49D8-88DF-5DBD49244B4F}.Debug|x64.Build.0 = Debug|Any CPU
		{6B42780F-5C2E-49D8-88DF-5DBD49244B4F}.LocalMinimal|Any CPU.ActiveCfg = Release|Any CPU
		{6B42780F-5C2E-49D8-88DF-5DBD49244B4F}.LocalMinimal|Any CPU.Build.0 = Release|Any CPU
		{6B42780F-5C2E-49D8-88DF-5DBD49244B4F}.LocalMinimal|x64.ActiveCfg = Release|Any CPU
		{6B42780F-5C2E-49D8-88DF-5DBD49244B4F}.LocalMinimal|x64.Build.0 = Release|Any CPU
		{6B42780F-5C2E-49D8-88DF-5DBD49244B4F}.LocalTest|Any CPU.ActiveCfg = Release|Any CPU
		{6B42780F-5C2E-49D8-88DF-5DBD49244B4F}.LocalTest|Any CPU.Build.0 = Release|Any CPU
		{6B42780F-5C2E-49D8-88DF-5DBD49244B4F}.LocalTest|x64.ActiveCfg = Release|Any CPU
		{6B42780F-5C2E-49D8-88DF-5DBD49244B4F}.LocalTest|x64.Build.0 = Release|Any CPU
		{6B42780F-5C2E-49D8-88DF-5DBD49244B4F}.LocalUiTest|Any CPU.ActiveCfg = Release|Any CPU
		{6B42780F-5C2E-49D8-88DF-5DBD49244B4F}.LocalUiTest|Any CPU.Build.0 = Release|Any CPU
		{6B42780F-5C2E-49D8-88DF-5DBD49244B4F}.LocalUiTest|x64.ActiveCfg = Release|Any CPU
		{6B42780F-5C2E-49D8-88DF-5DBD49244B4F}.LocalUiTest|x64.Build.0 = Release|Any CPU
		{6B42780F-5C2E-49D8-88DF-5DBD49244B4F}.OnPremises|Any CPU.ActiveCfg = OnPremises|Any CPU
		{6B42780F-5C2E-49D8-88DF-5DBD49244B4F}.OnPremises|Any CPU.Build.0 = OnPremises|Any CPU
		{6B42780F-5C2E-49D8-88DF-5DBD49244B4F}.OnPremises|x64.ActiveCfg = OnPremises|Any CPU
		{6B42780F-5C2E-49D8-88DF-5DBD49244B4F}.OnPremises|x64.Build.0 = OnPremises|Any CPU
		{6B42780F-5C2E-49D8-88DF-5DBD49244B4F}.OnPremisesRelease|Any CPU.ActiveCfg = Release|Any CPU
		{6B42780F-5C2E-49D8-88DF-5DBD49244B4F}.OnPremisesRelease|Any CPU.Build.0 = Release|Any CPU
		{6B42780F-5C2E-49D8-88DF-5DBD49244B4F}.OnPremisesRelease|x64.ActiveCfg = Release|Any CPU
		{6B42780F-5C2E-49D8-88DF-5DBD49244B4F}.OnPremisesRelease|x64.Build.0 = Release|Any CPU
		{6B42780F-5C2E-49D8-88DF-5DBD49244B4F}.OnPremNpgsql|Any CPU.ActiveCfg = Debug|Any CPU
		{6B42780F-5C2E-49D8-88DF-5DBD49244B4F}.OnPremNpgsql|Any CPU.Build.0 = Debug|Any CPU
		{6B42780F-5C2E-49D8-88DF-5DBD49244B4F}.OnPremNpgsql|x64.ActiveCfg = OnPremNpgsql|Any CPU
		{6B42780F-5C2E-49D8-88DF-5DBD49244B4F}.OnPremNpgsql|x64.Build.0 = OnPremNpgsql|Any CPU
		{6B42780F-5C2E-49D8-88DF-5DBD49244B4F}.OnPremYearSpecific|Any CPU.ActiveCfg = Debug|Any CPU
		{6B42780F-5C2E-49D8-88DF-5DBD49244B4F}.OnPremYearSpecific|Any CPU.Build.0 = Debug|Any CPU
		{6B42780F-5C2E-49D8-88DF-5DBD49244B4F}.OnPremYearSpecific|x64.ActiveCfg = OnPremises|Any CPU
		{6B42780F-5C2E-49D8-88DF-5DBD49244B4F}.OnPremYearSpecific|x64.Build.0 = OnPremises|Any CPU
		{6B42780F-5C2E-49D8-88DF-5DBD49244B4F}.OnPremYearSpecificRelease|Any CPU.ActiveCfg = Release|Any CPU
		{6B42780F-5C2E-49D8-88DF-5DBD49244B4F}.OnPremYearSpecificRelease|Any CPU.Build.0 = Release|Any CPU
		{6B42780F-5C2E-49D8-88DF-5DBD49244B4F}.OnPremYearSpecificRelease|x64.ActiveCfg = Release|Any CPU
		{6B42780F-5C2E-49D8-88DF-5DBD49244B4F}.OnPremYearSpecificRelease|x64.Build.0 = Release|Any CPU
		{6B42780F-5C2E-49D8-88DF-5DBD49244B4F}.Release|Any CPU.ActiveCfg = Release|Any CPU
		{6B42780F-5C2E-49D8-88DF-5DBD49244B4F}.Release|Any CPU.Build.0 = Release|Any CPU
		{6B42780F-5C2E-49D8-88DF-5DBD49244B4F}.Release|x64.ActiveCfg = Release|Any CPU
		{6B42780F-5C2E-49D8-88DF-5DBD49244B4F}.Release|x64.Build.0 = Release|Any CPU
		{470BAA61-6F58-4940-B71A-E90A74A1B073}.AzureDev|Any CPU.ActiveCfg = Release|Any CPU
		{470BAA61-6F58-4940-B71A-E90A74A1B073}.AzureDev|Any CPU.Build.0 = Release|Any CPU
		{470BAA61-6F58-4940-B71A-E90A74A1B073}.AzureDev|x64.ActiveCfg = Release|Any CPU
		{470BAA61-6F58-4940-B71A-E90A74A1B073}.AzureDev|x64.Build.0 = Release|Any CPU
		{470BAA61-6F58-4940-B71A-E90A74A1B073}.AzureProd|Any CPU.ActiveCfg = Release|Any CPU
		{470BAA61-6F58-4940-B71A-E90A74A1B073}.AzureProd|Any CPU.Build.0 = Release|Any CPU
		{470BAA61-6F58-4940-B71A-E90A74A1B073}.AzureProd|x64.ActiveCfg = Release|Any CPU
		{470BAA61-6F58-4940-B71A-E90A74A1B073}.AzureProd|x64.Build.0 = Release|Any CPU
		{470BAA61-6F58-4940-B71A-E90A74A1B073}.AzureTest|Any CPU.ActiveCfg = Release|Any CPU
		{470BAA61-6F58-4940-B71A-E90A74A1B073}.AzureTest|Any CPU.Build.0 = Release|Any CPU
		{470BAA61-6F58-4940-B71A-E90A74A1B073}.AzureTest|x64.ActiveCfg = Release|Any CPU
		{470BAA61-6F58-4940-B71A-E90A74A1B073}.AzureTest|x64.Build.0 = Release|Any CPU
		{470BAA61-6F58-4940-B71A-E90A74A1B073}.Debug|Any CPU.ActiveCfg = Debug|Any CPU
		{470BAA61-6F58-4940-B71A-E90A74A1B073}.Debug|Any CPU.Build.0 = Debug|Any CPU
		{470BAA61-6F58-4940-B71A-E90A74A1B073}.Debug|x64.ActiveCfg = Debug|Any CPU
		{470BAA61-6F58-4940-B71A-E90A74A1B073}.Debug|x64.Build.0 = Debug|Any CPU
		{470BAA61-6F58-4940-B71A-E90A74A1B073}.LocalMinimal|Any CPU.ActiveCfg = Release|Any CPU
		{470BAA61-6F58-4940-B71A-E90A74A1B073}.LocalMinimal|Any CPU.Build.0 = Release|Any CPU
		{470BAA61-6F58-4940-B71A-E90A74A1B073}.LocalMinimal|x64.ActiveCfg = Release|Any CPU
		{470BAA61-6F58-4940-B71A-E90A74A1B073}.LocalMinimal|x64.Build.0 = Release|Any CPU
		{470BAA61-6F58-4940-B71A-E90A74A1B073}.LocalTest|Any CPU.ActiveCfg = Release|Any CPU
		{470BAA61-6F58-4940-B71A-E90A74A1B073}.LocalTest|Any CPU.Build.0 = Release|Any CPU
		{470BAA61-6F58-4940-B71A-E90A74A1B073}.LocalTest|x64.ActiveCfg = Release|Any CPU
		{470BAA61-6F58-4940-B71A-E90A74A1B073}.LocalTest|x64.Build.0 = Release|Any CPU
		{470BAA61-6F58-4940-B71A-E90A74A1B073}.LocalUiTest|Any CPU.ActiveCfg = Release|Any CPU
		{470BAA61-6F58-4940-B71A-E90A74A1B073}.LocalUiTest|Any CPU.Build.0 = Release|Any CPU
		{470BAA61-6F58-4940-B71A-E90A74A1B073}.LocalUiTest|x64.ActiveCfg = Release|Any CPU
		{470BAA61-6F58-4940-B71A-E90A74A1B073}.LocalUiTest|x64.Build.0 = Release|Any CPU
		{470BAA61-6F58-4940-B71A-E90A74A1B073}.OnPremises|Any CPU.ActiveCfg = Debug|Any CPU
		{470BAA61-6F58-4940-B71A-E90A74A1B073}.OnPremises|Any CPU.Build.0 = Debug|Any CPU
		{470BAA61-6F58-4940-B71A-E90A74A1B073}.OnPremises|x64.ActiveCfg = Debug|Any CPU
		{470BAA61-6F58-4940-B71A-E90A74A1B073}.OnPremises|x64.Build.0 = Debug|Any CPU
		{470BAA61-6F58-4940-B71A-E90A74A1B073}.OnPremisesRelease|Any CPU.ActiveCfg = Release|Any CPU
		{470BAA61-6F58-4940-B71A-E90A74A1B073}.OnPremisesRelease|Any CPU.Build.0 = Release|Any CPU
		{470BAA61-6F58-4940-B71A-E90A74A1B073}.OnPremisesRelease|x64.ActiveCfg = Release|Any CPU
		{470BAA61-6F58-4940-B71A-E90A74A1B073}.OnPremisesRelease|x64.Build.0 = Release|Any CPU
		{470BAA61-6F58-4940-B71A-E90A74A1B073}.OnPremNpgsql|Any CPU.ActiveCfg = Debug|Any CPU
		{470BAA61-6F58-4940-B71A-E90A74A1B073}.OnPremNpgsql|Any CPU.Build.0 = Debug|Any CPU
		{470BAA61-6F58-4940-B71A-E90A74A1B073}.OnPremNpgsql|x64.ActiveCfg = OnPremNpgsql|Any CPU
		{470BAA61-6F58-4940-B71A-E90A74A1B073}.OnPremNpgsql|x64.Build.0 = OnPremNpgsql|Any CPU
		{470BAA61-6F58-4940-B71A-E90A74A1B073}.OnPremYearSpecific|Any CPU.ActiveCfg = Debug|Any CPU
		{470BAA61-6F58-4940-B71A-E90A74A1B073}.OnPremYearSpecific|Any CPU.Build.0 = Debug|Any CPU
		{470BAA61-6F58-4940-B71A-E90A74A1B073}.OnPremYearSpecific|x64.ActiveCfg = OnPremises|Any CPU
		{470BAA61-6F58-4940-B71A-E90A74A1B073}.OnPremYearSpecific|x64.Build.0 = OnPremises|Any CPU
		{470BAA61-6F58-4940-B71A-E90A74A1B073}.OnPremYearSpecificRelease|Any CPU.ActiveCfg = Release|Any CPU
		{470BAA61-6F58-4940-B71A-E90A74A1B073}.OnPremYearSpecificRelease|Any CPU.Build.0 = Release|Any CPU
		{470BAA61-6F58-4940-B71A-E90A74A1B073}.OnPremYearSpecificRelease|x64.ActiveCfg = Release|Any CPU
		{470BAA61-6F58-4940-B71A-E90A74A1B073}.OnPremYearSpecificRelease|x64.Build.0 = Release|Any CPU
		{470BAA61-6F58-4940-B71A-E90A74A1B073}.Release|Any CPU.ActiveCfg = Release|Any CPU
		{470BAA61-6F58-4940-B71A-E90A74A1B073}.Release|Any CPU.Build.0 = Release|Any CPU
		{470BAA61-6F58-4940-B71A-E90A74A1B073}.Release|x64.ActiveCfg = Release|Any CPU
		{470BAA61-6F58-4940-B71A-E90A74A1B073}.Release|x64.Build.0 = Release|Any CPU
		{B0230C03-1362-4F67-9D97-27E7070AF90A}.AzureDev|Any CPU.ActiveCfg = Release|Any CPU
		{B0230C03-1362-4F67-9D97-27E7070AF90A}.AzureDev|Any CPU.Build.0 = Release|Any CPU
		{B0230C03-1362-4F67-9D97-27E7070AF90A}.AzureDev|x64.ActiveCfg = Release|Any CPU
		{B0230C03-1362-4F67-9D97-27E7070AF90A}.AzureDev|x64.Build.0 = Release|Any CPU
		{B0230C03-1362-4F67-9D97-27E7070AF90A}.AzureProd|Any CPU.ActiveCfg = Release|Any CPU
		{B0230C03-1362-4F67-9D97-27E7070AF90A}.AzureProd|Any CPU.Build.0 = Release|Any CPU
		{B0230C03-1362-4F67-9D97-27E7070AF90A}.AzureProd|x64.ActiveCfg = Release|Any CPU
		{B0230C03-1362-4F67-9D97-27E7070AF90A}.AzureProd|x64.Build.0 = Release|Any CPU
		{B0230C03-1362-4F67-9D97-27E7070AF90A}.AzureTest|Any CPU.ActiveCfg = Release|Any CPU
		{B0230C03-1362-4F67-9D97-27E7070AF90A}.AzureTest|Any CPU.Build.0 = Release|Any CPU
		{B0230C03-1362-4F67-9D97-27E7070AF90A}.AzureTest|x64.ActiveCfg = Release|Any CPU
		{B0230C03-1362-4F67-9D97-27E7070AF90A}.AzureTest|x64.Build.0 = Release|Any CPU
		{B0230C03-1362-4F67-9D97-27E7070AF90A}.Debug|Any CPU.ActiveCfg = Debug|Any CPU
		{B0230C03-1362-4F67-9D97-27E7070AF90A}.Debug|Any CPU.Build.0 = Debug|Any CPU
		{B0230C03-1362-4F67-9D97-27E7070AF90A}.Debug|x64.ActiveCfg = Debug|Any CPU
		{B0230C03-1362-4F67-9D97-27E7070AF90A}.Debug|x64.Build.0 = Debug|Any CPU
		{B0230C03-1362-4F67-9D97-27E7070AF90A}.LocalMinimal|Any CPU.ActiveCfg = Release|Any CPU
		{B0230C03-1362-4F67-9D97-27E7070AF90A}.LocalMinimal|Any CPU.Build.0 = Release|Any CPU
		{B0230C03-1362-4F67-9D97-27E7070AF90A}.LocalMinimal|x64.ActiveCfg = Release|Any CPU
		{B0230C03-1362-4F67-9D97-27E7070AF90A}.LocalMinimal|x64.Build.0 = Release|Any CPU
		{B0230C03-1362-4F67-9D97-27E7070AF90A}.LocalTest|Any CPU.ActiveCfg = Release|Any CPU
		{B0230C03-1362-4F67-9D97-27E7070AF90A}.LocalTest|Any CPU.Build.0 = Release|Any CPU
		{B0230C03-1362-4F67-9D97-27E7070AF90A}.LocalTest|x64.ActiveCfg = Release|Any CPU
		{B0230C03-1362-4F67-9D97-27E7070AF90A}.LocalTest|x64.Build.0 = Release|Any CPU
		{B0230C03-1362-4F67-9D97-27E7070AF90A}.LocalUiTest|Any CPU.ActiveCfg = Release|Any CPU
		{B0230C03-1362-4F67-9D97-27E7070AF90A}.LocalUiTest|Any CPU.Build.0 = Release|Any CPU
		{B0230C03-1362-4F67-9D97-27E7070AF90A}.LocalUiTest|x64.ActiveCfg = Release|Any CPU
		{B0230C03-1362-4F67-9D97-27E7070AF90A}.LocalUiTest|x64.Build.0 = Release|Any CPU
		{B0230C03-1362-4F67-9D97-27E7070AF90A}.OnPremises|Any CPU.ActiveCfg = Debug|Any CPU
		{B0230C03-1362-4F67-9D97-27E7070AF90A}.OnPremises|Any CPU.Build.0 = Debug|Any CPU
		{B0230C03-1362-4F67-9D97-27E7070AF90A}.OnPremises|x64.ActiveCfg = Debug|Any CPU
		{B0230C03-1362-4F67-9D97-27E7070AF90A}.OnPremises|x64.Build.0 = Debug|Any CPU
		{B0230C03-1362-4F67-9D97-27E7070AF90A}.OnPremisesRelease|Any CPU.ActiveCfg = Release|Any CPU
		{B0230C03-1362-4F67-9D97-27E7070AF90A}.OnPremisesRelease|Any CPU.Build.0 = Release|Any CPU
		{B0230C03-1362-4F67-9D97-27E7070AF90A}.OnPremisesRelease|x64.ActiveCfg = Release|Any CPU
		{B0230C03-1362-4F67-9D97-27E7070AF90A}.OnPremisesRelease|x64.Build.0 = Release|Any CPU
		{B0230C03-1362-4F67-9D97-27E7070AF90A}.OnPremNpgsql|Any CPU.ActiveCfg = OnPremises|Any CPU
		{B0230C03-1362-4F67-9D97-27E7070AF90A}.OnPremNpgsql|x64.ActiveCfg = OnPremises|Any CPU
		{B0230C03-1362-4F67-9D97-27E7070AF90A}.OnPremYearSpecific|Any CPU.ActiveCfg = Debug|Any CPU
		{B0230C03-1362-4F67-9D97-27E7070AF90A}.OnPremYearSpecific|Any CPU.Build.0 = Debug|Any CPU
		{B0230C03-1362-4F67-9D97-27E7070AF90A}.OnPremYearSpecific|x64.ActiveCfg = OnPremises|Any CPU
		{B0230C03-1362-4F67-9D97-27E7070AF90A}.OnPremYearSpecific|x64.Build.0 = OnPremises|Any CPU
		{B0230C03-1362-4F67-9D97-27E7070AF90A}.OnPremYearSpecificRelease|Any CPU.ActiveCfg = Release|Any CPU
		{B0230C03-1362-4F67-9D97-27E7070AF90A}.OnPremYearSpecificRelease|Any CPU.Build.0 = Release|Any CPU
		{B0230C03-1362-4F67-9D97-27E7070AF90A}.OnPremYearSpecificRelease|x64.ActiveCfg = Release|Any CPU
		{B0230C03-1362-4F67-9D97-27E7070AF90A}.OnPremYearSpecificRelease|x64.Build.0 = Release|Any CPU
		{B0230C03-1362-4F67-9D97-27E7070AF90A}.Release|Any CPU.ActiveCfg = Release|Any CPU
		{B0230C03-1362-4F67-9D97-27E7070AF90A}.Release|Any CPU.Build.0 = Release|Any CPU
		{B0230C03-1362-4F67-9D97-27E7070AF90A}.Release|x64.ActiveCfg = Release|Any CPU
		{B0230C03-1362-4F67-9D97-27E7070AF90A}.Release|x64.Build.0 = Release|Any CPU
		{9E893DD8-A114-4C7E-968C-34C2C2C41AA3}.AzureDev|Any CPU.ActiveCfg = Release|Any CPU
		{9E893DD8-A114-4C7E-968C-34C2C2C41AA3}.AzureDev|Any CPU.Build.0 = Release|Any CPU
		{9E893DD8-A114-4C7E-968C-34C2C2C41AA3}.AzureDev|x64.ActiveCfg = Release|Any CPU
		{9E893DD8-A114-4C7E-968C-34C2C2C41AA3}.AzureDev|x64.Build.0 = Release|Any CPU
		{9E893DD8-A114-4C7E-968C-34C2C2C41AA3}.AzureProd|Any CPU.ActiveCfg = Release|Any CPU
		{9E893DD8-A114-4C7E-968C-34C2C2C41AA3}.AzureProd|Any CPU.Build.0 = Release|Any CPU
		{9E893DD8-A114-4C7E-968C-34C2C2C41AA3}.AzureProd|x64.ActiveCfg = Release|Any CPU
		{9E893DD8-A114-4C7E-968C-34C2C2C41AA3}.AzureProd|x64.Build.0 = Release|Any CPU
		{9E893DD8-A114-4C7E-968C-34C2C2C41AA3}.AzureTest|Any CPU.ActiveCfg = Release|Any CPU
		{9E893DD8-A114-4C7E-968C-34C2C2C41AA3}.AzureTest|Any CPU.Build.0 = Release|Any CPU
		{9E893DD8-A114-4C7E-968C-34C2C2C41AA3}.AzureTest|x64.ActiveCfg = Release|Any CPU
		{9E893DD8-A114-4C7E-968C-34C2C2C41AA3}.AzureTest|x64.Build.0 = Release|Any CPU
		{9E893DD8-A114-4C7E-968C-34C2C2C41AA3}.Debug|Any CPU.ActiveCfg = Debug|Any CPU
		{9E893DD8-A114-4C7E-968C-34C2C2C41AA3}.Debug|Any CPU.Build.0 = Debug|Any CPU
		{9E893DD8-A114-4C7E-968C-34C2C2C41AA3}.Debug|x64.ActiveCfg = Debug|Any CPU
		{9E893DD8-A114-4C7E-968C-34C2C2C41AA3}.Debug|x64.Build.0 = Debug|Any CPU
		{9E893DD8-A114-4C7E-968C-34C2C2C41AA3}.LocalMinimal|Any CPU.ActiveCfg = Release|Any CPU
		{9E893DD8-A114-4C7E-968C-34C2C2C41AA3}.LocalMinimal|Any CPU.Build.0 = Release|Any CPU
		{9E893DD8-A114-4C7E-968C-34C2C2C41AA3}.LocalMinimal|x64.ActiveCfg = Release|Any CPU
		{9E893DD8-A114-4C7E-968C-34C2C2C41AA3}.LocalMinimal|x64.Build.0 = Release|Any CPU
		{9E893DD8-A114-4C7E-968C-34C2C2C41AA3}.LocalTest|Any CPU.ActiveCfg = Release|Any CPU
		{9E893DD8-A114-4C7E-968C-34C2C2C41AA3}.LocalTest|Any CPU.Build.0 = Release|Any CPU
		{9E893DD8-A114-4C7E-968C-34C2C2C41AA3}.LocalTest|x64.ActiveCfg = Release|Any CPU
		{9E893DD8-A114-4C7E-968C-34C2C2C41AA3}.LocalTest|x64.Build.0 = Release|Any CPU
		{9E893DD8-A114-4C7E-968C-34C2C2C41AA3}.LocalUiTest|Any CPU.ActiveCfg = Release|Any CPU
		{9E893DD8-A114-4C7E-968C-34C2C2C41AA3}.LocalUiTest|Any CPU.Build.0 = Release|Any CPU
		{9E893DD8-A114-4C7E-968C-34C2C2C41AA3}.LocalUiTest|x64.ActiveCfg = Release|Any CPU
		{9E893DD8-A114-4C7E-968C-34C2C2C41AA3}.LocalUiTest|x64.Build.0 = Release|Any CPU
		{9E893DD8-A114-4C7E-968C-34C2C2C41AA3}.OnPremises|Any CPU.ActiveCfg = Debug|Any CPU
		{9E893DD8-A114-4C7E-968C-34C2C2C41AA3}.OnPremises|Any CPU.Build.0 = Debug|Any CPU
		{9E893DD8-A114-4C7E-968C-34C2C2C41AA3}.OnPremises|x64.ActiveCfg = Debug|Any CPU
		{9E893DD8-A114-4C7E-968C-34C2C2C41AA3}.OnPremises|x64.Build.0 = Debug|Any CPU
		{9E893DD8-A114-4C7E-968C-34C2C2C41AA3}.OnPremisesRelease|Any CPU.ActiveCfg = Release|Any CPU
		{9E893DD8-A114-4C7E-968C-34C2C2C41AA3}.OnPremisesRelease|Any CPU.Build.0 = Release|Any CPU
		{9E893DD8-A114-4C7E-968C-34C2C2C41AA3}.OnPremisesRelease|x64.ActiveCfg = Release|Any CPU
		{9E893DD8-A114-4C7E-968C-34C2C2C41AA3}.OnPremisesRelease|x64.Build.0 = Release|Any CPU
		{9E893DD8-A114-4C7E-968C-34C2C2C41AA3}.OnPremNpgsql|Any CPU.ActiveCfg = Debug|Any CPU
		{9E893DD8-A114-4C7E-968C-34C2C2C41AA3}.OnPremNpgsql|Any CPU.Build.0 = Debug|Any CPU
		{9E893DD8-A114-4C7E-968C-34C2C2C41AA3}.OnPremNpgsql|x64.ActiveCfg = OnPremNpgsql|Any CPU
		{9E893DD8-A114-4C7E-968C-34C2C2C41AA3}.OnPremNpgsql|x64.Build.0 = OnPremNpgsql|Any CPU
		{9E893DD8-A114-4C7E-968C-34C2C2C41AA3}.OnPremYearSpecific|Any CPU.ActiveCfg = Debug|Any CPU
		{9E893DD8-A114-4C7E-968C-34C2C2C41AA3}.OnPremYearSpecific|Any CPU.Build.0 = Debug|Any CPU
		{9E893DD8-A114-4C7E-968C-34C2C2C41AA3}.OnPremYearSpecific|x64.ActiveCfg = OnPremises|Any CPU
		{9E893DD8-A114-4C7E-968C-34C2C2C41AA3}.OnPremYearSpecific|x64.Build.0 = OnPremises|Any CPU
		{9E893DD8-A114-4C7E-968C-34C2C2C41AA3}.OnPremYearSpecificRelease|Any CPU.ActiveCfg = Release|Any CPU
		{9E893DD8-A114-4C7E-968C-34C2C2C41AA3}.OnPremYearSpecificRelease|Any CPU.Build.0 = Release|Any CPU
		{9E893DD8-A114-4C7E-968C-34C2C2C41AA3}.OnPremYearSpecificRelease|x64.ActiveCfg = Release|Any CPU
		{9E893DD8-A114-4C7E-968C-34C2C2C41AA3}.OnPremYearSpecificRelease|x64.Build.0 = Release|Any CPU
		{9E893DD8-A114-4C7E-968C-34C2C2C41AA3}.Release|Any CPU.ActiveCfg = Release|Any CPU
		{9E893DD8-A114-4C7E-968C-34C2C2C41AA3}.Release|Any CPU.Build.0 = Release|Any CPU
		{9E893DD8-A114-4C7E-968C-34C2C2C41AA3}.Release|x64.ActiveCfg = Release|Any CPU
		{9E893DD8-A114-4C7E-968C-34C2C2C41AA3}.Release|x64.Build.0 = Release|Any CPU
		{F6733B57-CD26-4FF2-8541-CB0B7865073C}.AzureDev|Any CPU.ActiveCfg = Release|Any CPU
		{F6733B57-CD26-4FF2-8541-CB0B7865073C}.AzureDev|Any CPU.Build.0 = Release|Any CPU
		{F6733B57-CD26-4FF2-8541-CB0B7865073C}.AzureDev|x64.ActiveCfg = Release|Any CPU
		{F6733B57-CD26-4FF2-8541-CB0B7865073C}.AzureDev|x64.Build.0 = Release|Any CPU
		{F6733B57-CD26-4FF2-8541-CB0B7865073C}.AzureProd|Any CPU.ActiveCfg = Release|Any CPU
		{F6733B57-CD26-4FF2-8541-CB0B7865073C}.AzureProd|Any CPU.Build.0 = Release|Any CPU
		{F6733B57-CD26-4FF2-8541-CB0B7865073C}.AzureProd|x64.ActiveCfg = Release|Any CPU
		{F6733B57-CD26-4FF2-8541-CB0B7865073C}.AzureProd|x64.Build.0 = Release|Any CPU
		{F6733B57-CD26-4FF2-8541-CB0B7865073C}.AzureTest|Any CPU.ActiveCfg = Release|Any CPU
		{F6733B57-CD26-4FF2-8541-CB0B7865073C}.AzureTest|Any CPU.Build.0 = Release|Any CPU
		{F6733B57-CD26-4FF2-8541-CB0B7865073C}.AzureTest|x64.ActiveCfg = Release|Any CPU
		{F6733B57-CD26-4FF2-8541-CB0B7865073C}.AzureTest|x64.Build.0 = Release|Any CPU
		{F6733B57-CD26-4FF2-8541-CB0B7865073C}.Debug|Any CPU.ActiveCfg = Debug|Any CPU
		{F6733B57-CD26-4FF2-8541-CB0B7865073C}.Debug|Any CPU.Build.0 = Debug|Any CPU
		{F6733B57-CD26-4FF2-8541-CB0B7865073C}.Debug|x64.ActiveCfg = Debug|Any CPU
		{F6733B57-CD26-4FF2-8541-CB0B7865073C}.Debug|x64.Build.0 = Debug|Any CPU
		{F6733B57-CD26-4FF2-8541-CB0B7865073C}.LocalMinimal|Any CPU.ActiveCfg = Release|Any CPU
		{F6733B57-CD26-4FF2-8541-CB0B7865073C}.LocalMinimal|Any CPU.Build.0 = Release|Any CPU
		{F6733B57-CD26-4FF2-8541-CB0B7865073C}.LocalMinimal|x64.ActiveCfg = Release|Any CPU
		{F6733B57-CD26-4FF2-8541-CB0B7865073C}.LocalMinimal|x64.Build.0 = Release|Any CPU
		{F6733B57-CD26-4FF2-8541-CB0B7865073C}.LocalTest|Any CPU.ActiveCfg = Release|Any CPU
		{F6733B57-CD26-4FF2-8541-CB0B7865073C}.LocalTest|Any CPU.Build.0 = Release|Any CPU
		{F6733B57-CD26-4FF2-8541-CB0B7865073C}.LocalTest|x64.ActiveCfg = Release|Any CPU
		{F6733B57-CD26-4FF2-8541-CB0B7865073C}.LocalTest|x64.Build.0 = Release|Any CPU
		{F6733B57-CD26-4FF2-8541-CB0B7865073C}.LocalUiTest|Any CPU.ActiveCfg = Release|Any CPU
		{F6733B57-CD26-4FF2-8541-CB0B7865073C}.LocalUiTest|Any CPU.Build.0 = Release|Any CPU
		{F6733B57-CD26-4FF2-8541-CB0B7865073C}.LocalUiTest|x64.ActiveCfg = Release|Any CPU
		{F6733B57-CD26-4FF2-8541-CB0B7865073C}.LocalUiTest|x64.Build.0 = Release|Any CPU
		{F6733B57-CD26-4FF2-8541-CB0B7865073C}.OnPremises|Any CPU.ActiveCfg = Debug|Any CPU
		{F6733B57-CD26-4FF2-8541-CB0B7865073C}.OnPremises|Any CPU.Build.0 = Debug|Any CPU
		{F6733B57-CD26-4FF2-8541-CB0B7865073C}.OnPremises|x64.ActiveCfg = Release|Any CPU
		{F6733B57-CD26-4FF2-8541-CB0B7865073C}.OnPremises|x64.Build.0 = Release|Any CPU
		{F6733B57-CD26-4FF2-8541-CB0B7865073C}.OnPremisesRelease|Any CPU.ActiveCfg = Release|Any CPU
		{F6733B57-CD26-4FF2-8541-CB0B7865073C}.OnPremisesRelease|Any CPU.Build.0 = Release|Any CPU
		{F6733B57-CD26-4FF2-8541-CB0B7865073C}.OnPremisesRelease|x64.ActiveCfg = Release|Any CPU
		{F6733B57-CD26-4FF2-8541-CB0B7865073C}.OnPremisesRelease|x64.Build.0 = Release|Any CPU
		{F6733B57-CD26-4FF2-8541-CB0B7865073C}.OnPremNpgsql|Any CPU.ActiveCfg = Debug|Any CPU
		{F6733B57-CD26-4FF2-8541-CB0B7865073C}.OnPremNpgsql|Any CPU.Build.0 = Debug|Any CPU
		{F6733B57-CD26-4FF2-8541-CB0B7865073C}.OnPremNpgsql|x64.ActiveCfg = OnPremNpgsql|Any CPU
		{F6733B57-CD26-4FF2-8541-CB0B7865073C}.OnPremNpgsql|x64.Build.0 = OnPremNpgsql|Any CPU
		{F6733B57-CD26-4FF2-8541-CB0B7865073C}.OnPremYearSpecific|Any CPU.ActiveCfg = Debug|Any CPU
		{F6733B57-CD26-4FF2-8541-CB0B7865073C}.OnPremYearSpecific|Any CPU.Build.0 = Debug|Any CPU
		{F6733B57-CD26-4FF2-8541-CB0B7865073C}.OnPremYearSpecific|x64.ActiveCfg = Debug|Any CPU
		{F6733B57-CD26-4FF2-8541-CB0B7865073C}.OnPremYearSpecific|x64.Build.0 = Debug|Any CPU
		{F6733B57-CD26-4FF2-8541-CB0B7865073C}.OnPremYearSpecificRelease|Any CPU.ActiveCfg = Release|Any CPU
		{F6733B57-CD26-4FF2-8541-CB0B7865073C}.OnPremYearSpecificRelease|Any CPU.Build.0 = Release|Any CPU
		{F6733B57-CD26-4FF2-8541-CB0B7865073C}.OnPremYearSpecificRelease|x64.ActiveCfg = Release|Any CPU
		{F6733B57-CD26-4FF2-8541-CB0B7865073C}.OnPremYearSpecificRelease|x64.Build.0 = Release|Any CPU
		{F6733B57-CD26-4FF2-8541-CB0B7865073C}.Release|Any CPU.ActiveCfg = Release|Any CPU
		{F6733B57-CD26-4FF2-8541-CB0B7865073C}.Release|Any CPU.Build.0 = Release|Any CPU
		{F6733B57-CD26-4FF2-8541-CB0B7865073C}.Release|x64.ActiveCfg = Release|Any CPU
		{F6733B57-CD26-4FF2-8541-CB0B7865073C}.Release|x64.Build.0 = Release|Any CPU
		{F62C9CF6-A632-4894-B61A-674198DAB86E}.AzureDev|Any CPU.ActiveCfg = Release|Any CPU
		{F62C9CF6-A632-4894-B61A-674198DAB86E}.AzureDev|Any CPU.Build.0 = Release|Any CPU
		{F62C9CF6-A632-4894-B61A-674198DAB86E}.AzureDev|x64.ActiveCfg = Release|Any CPU
		{F62C9CF6-A632-4894-B61A-674198DAB86E}.AzureDev|x64.Build.0 = Release|Any CPU
		{F62C9CF6-A632-4894-B61A-674198DAB86E}.AzureProd|Any CPU.ActiveCfg = Release|Any CPU
		{F62C9CF6-A632-4894-B61A-674198DAB86E}.AzureProd|Any CPU.Build.0 = Release|Any CPU
		{F62C9CF6-A632-4894-B61A-674198DAB86E}.AzureProd|x64.ActiveCfg = Release|Any CPU
		{F62C9CF6-A632-4894-B61A-674198DAB86E}.AzureProd|x64.Build.0 = Release|Any CPU
		{F62C9CF6-A632-4894-B61A-674198DAB86E}.AzureTest|Any CPU.ActiveCfg = Release|Any CPU
		{F62C9CF6-A632-4894-B61A-674198DAB86E}.AzureTest|Any CPU.Build.0 = Release|Any CPU
		{F62C9CF6-A632-4894-B61A-674198DAB86E}.AzureTest|x64.ActiveCfg = Release|Any CPU
		{F62C9CF6-A632-4894-B61A-674198DAB86E}.AzureTest|x64.Build.0 = Release|Any CPU
		{F62C9CF6-A632-4894-B61A-674198DAB86E}.Debug|Any CPU.ActiveCfg = Debug|Any CPU
		{F62C9CF6-A632-4894-B61A-674198DAB86E}.Debug|Any CPU.Build.0 = Debug|Any CPU
		{F62C9CF6-A632-4894-B61A-674198DAB86E}.Debug|x64.ActiveCfg = Debug|Any CPU
		{F62C9CF6-A632-4894-B61A-674198DAB86E}.Debug|x64.Build.0 = Debug|Any CPU
		{F62C9CF6-A632-4894-B61A-674198DAB86E}.LocalMinimal|Any CPU.ActiveCfg = Release|Any CPU
		{F62C9CF6-A632-4894-B61A-674198DAB86E}.LocalMinimal|Any CPU.Build.0 = Release|Any CPU
		{F62C9CF6-A632-4894-B61A-674198DAB86E}.LocalMinimal|x64.ActiveCfg = Release|Any CPU
		{F62C9CF6-A632-4894-B61A-674198DAB86E}.LocalMinimal|x64.Build.0 = Release|Any CPU
		{F62C9CF6-A632-4894-B61A-674198DAB86E}.LocalTest|Any CPU.ActiveCfg = Release|Any CPU
		{F62C9CF6-A632-4894-B61A-674198DAB86E}.LocalTest|Any CPU.Build.0 = Release|Any CPU
		{F62C9CF6-A632-4894-B61A-674198DAB86E}.LocalTest|x64.ActiveCfg = Release|Any CPU
		{F62C9CF6-A632-4894-B61A-674198DAB86E}.LocalTest|x64.Build.0 = Release|Any CPU
		{F62C9CF6-A632-4894-B61A-674198DAB86E}.LocalUiTest|Any CPU.ActiveCfg = Release|Any CPU
		{F62C9CF6-A632-4894-B61A-674198DAB86E}.LocalUiTest|Any CPU.Build.0 = Release|Any CPU
		{F62C9CF6-A632-4894-B61A-674198DAB86E}.LocalUiTest|x64.ActiveCfg = Release|Any CPU
		{F62C9CF6-A632-4894-B61A-674198DAB86E}.LocalUiTest|x64.Build.0 = Release|Any CPU
		{F62C9CF6-A632-4894-B61A-674198DAB86E}.OnPremises|Any CPU.ActiveCfg = Release|Any CPU
		{F62C9CF6-A632-4894-B61A-674198DAB86E}.OnPremises|Any CPU.Build.0 = Release|Any CPU
		{F62C9CF6-A632-4894-B61A-674198DAB86E}.OnPremises|x64.ActiveCfg = Release|Any CPU
		{F62C9CF6-A632-4894-B61A-674198DAB86E}.OnPremises|x64.Build.0 = Release|Any CPU
		{F62C9CF6-A632-4894-B61A-674198DAB86E}.OnPremisesRelease|Any CPU.ActiveCfg = Release|Any CPU
		{F62C9CF6-A632-4894-B61A-674198DAB86E}.OnPremisesRelease|Any CPU.Build.0 = Release|Any CPU
		{F62C9CF6-A632-4894-B61A-674198DAB86E}.OnPremisesRelease|x64.ActiveCfg = Release|Any CPU
		{F62C9CF6-A632-4894-B61A-674198DAB86E}.OnPremisesRelease|x64.Build.0 = Release|Any CPU
		{F62C9CF6-A632-4894-B61A-674198DAB86E}.OnPremNpgsql|Any CPU.ActiveCfg = Debug|Any CPU
		{F62C9CF6-A632-4894-B61A-674198DAB86E}.OnPremNpgsql|Any CPU.Build.0 = Debug|Any CPU
		{F62C9CF6-A632-4894-B61A-674198DAB86E}.OnPremNpgsql|x64.ActiveCfg = OnPremNpgsql|Any CPU
		{F62C9CF6-A632-4894-B61A-674198DAB86E}.OnPremNpgsql|x64.Build.0 = OnPremNpgsql|Any CPU
		{F62C9CF6-A632-4894-B61A-674198DAB86E}.OnPremYearSpecific|Any CPU.ActiveCfg = Debug|Any CPU
		{F62C9CF6-A632-4894-B61A-674198DAB86E}.OnPremYearSpecific|Any CPU.Build.0 = Debug|Any CPU
		{F62C9CF6-A632-4894-B61A-674198DAB86E}.OnPremYearSpecific|x64.ActiveCfg = Debug|Any CPU
		{F62C9CF6-A632-4894-B61A-674198DAB86E}.OnPremYearSpecific|x64.Build.0 = Debug|Any CPU
		{F62C9CF6-A632-4894-B61A-674198DAB86E}.OnPremYearSpecificRelease|Any CPU.ActiveCfg = Release|Any CPU
		{F62C9CF6-A632-4894-B61A-674198DAB86E}.OnPremYearSpecificRelease|Any CPU.Build.0 = Release|Any CPU
		{F62C9CF6-A632-4894-B61A-674198DAB86E}.OnPremYearSpecificRelease|x64.ActiveCfg = Release|Any CPU
		{F62C9CF6-A632-4894-B61A-674198DAB86E}.OnPremYearSpecificRelease|x64.Build.0 = Release|Any CPU
		{F62C9CF6-A632-4894-B61A-674198DAB86E}.Release|Any CPU.ActiveCfg = Release|Any CPU
		{F62C9CF6-A632-4894-B61A-674198DAB86E}.Release|Any CPU.Build.0 = Release|Any CPU
		{F62C9CF6-A632-4894-B61A-674198DAB86E}.Release|x64.ActiveCfg = Release|Any CPU
		{F62C9CF6-A632-4894-B61A-674198DAB86E}.Release|x64.Build.0 = Release|Any CPU
	EndGlobalSection
	GlobalSection(SolutionProperties) = preSolution
		HideSolutionNode = FALSE
	EndGlobalSection
	GlobalSection(NestedProjects) = preSolution
		{F62C9CF6-A632-4894-B61A-674198DAB86E} = {9A9D18B4-718D-4681-BAFE-A1C42E18A7CC}
	EndGlobalSection
	GlobalSection(ExtensibilityGlobals) = postSolution
		SolutionGuid = {30CF2BE4-58CA-4598-9B59-D334FC971A0F}
	EndGlobalSection
EndGlobal
