
Microsoft Visual Studio Solution File, Format Version 12.00
# Visual Studio Version 17
VisualStudioVersion = 17.0.32126.317
MinimumVisualStudioVersion = 10.0.40219.1
Project("{9A19103F-16F7-4668-BE54-9A1E7A4F7556}") = "EdFi.Ods.AdminApp.Management", "EdFi.Ods.AdminApp.Management\EdFi.Ods.AdminApp.Management.csproj", "{FBBA172C-6F81-4753-92B9-C31277B032DD}"
EndProject
Project("{9A19103F-16F7-4668-BE54-9A1E7A4F7556}") = "EdFi.Ods.AdminApp.Management.OnPrem", "EdFi.Ods.AdminApp.Management.OnPrem\EdFi.Ods.AdminApp.Management.OnPrem.csproj", "{9E893DD8-A114-4C7E-968C-34C2C2C41AA3}"
EndProject
Project("{2150E333-8FDC-42A3-9474-1A3956D46DE8}") = "Solution Items", "Solution Items", "{1D317139-CB19-4D7F-91AC-9A560189C55B}"
	ProjectSection(SolutionItems) = preProject
		..\CONTRIBUTORS.md = ..\CONTRIBUTORS.md
		EdFi.Ods.AdminApp.Web\EdFi.Ods.AdminApp.Web.nuspec = EdFi.Ods.AdminApp.Web\EdFi.Ods.AdminApp.Web.nuspec
		..\NOTICES.md = ..\NOTICES.md
		..\README.md = ..\README.md
	EndProjectSection
EndProject
Project("{2150E333-8FDC-42A3-9474-1A3956D46DE8}") = "UnitTests", "UnitTests", "{9A9D18B4-718D-4681-BAFE-A1C42E18A7CC}"
EndProject
Project("{9A19103F-16F7-4668-BE54-9A1E7A4F7556}") = "EdFi.Ods.AdminApp.Management.UnitTests", "EdFi.Ods.AdminApp.Management.UnitTests\EdFi.Ods.AdminApp.Management.UnitTests.csproj", "{F62C9CF6-A632-4894-B61A-674198DAB86E}"
EndProject
Project("{9A19103F-16F7-4668-BE54-9A1E7A4F7556}") = "EdFi.Ods.AdminApp.Web", "EdFi.Ods.AdminApp.Web\EdFi.Ods.AdminApp.Web.csproj", "{7B0859A2-C153-461A-ACC1-D5874994030E}"
EndProject
Project("{9A19103F-16F7-4668-BE54-9A1E7A4F7556}") = "EdFi.Ods.AdminApp.Management.Tests", "EdFi.Ods.AdminApp.Management.Tests\EdFi.Ods.AdminApp.Management.Tests.csproj", "{6F2B44AA-A760-4083-8124-B380D91D5086}"
EndProject
Global
	GlobalSection(SolutionConfigurationPlatforms) = preSolution
		Debug|Any CPU = Debug|Any CPU
		Debug|x64 = Debug|x64
		Release|Any CPU = Release|Any CPU
		Release|x64 = Release|x64
	EndGlobalSection
	GlobalSection(ProjectConfigurationPlatforms) = postSolution
		{FBBA172C-6F81-4753-92B9-C31277B032DD}.Debug|Any CPU.ActiveCfg = Debug|Any CPU
		{FBBA172C-6F81-4753-92B9-C31277B032DD}.Debug|Any CPU.Build.0 = Debug|Any CPU
		{FBBA172C-6F81-4753-92B9-C31277B032DD}.Debug|x64.ActiveCfg = Debug|Any CPU
		{FBBA172C-6F81-4753-92B9-C31277B032DD}.Debug|x64.Build.0 = Debug|Any CPU
		{FBBA172C-6F81-4753-92B9-C31277B032DD}.Release|Any CPU.ActiveCfg = Release|Any CPU
		{FBBA172C-6F81-4753-92B9-C31277B032DD}.Release|Any CPU.Build.0 = Release|Any CPU
		{FBBA172C-6F81-4753-92B9-C31277B032DD}.Release|x64.ActiveCfg = Release|Any CPU
		{FBBA172C-6F81-4753-92B9-C31277B032DD}.Release|x64.Build.0 = Release|Any CPU
		{9E893DD8-A114-4C7E-968C-34C2C2C41AA3}.Debug|Any CPU.ActiveCfg = Debug|Any CPU
		{9E893DD8-A114-4C7E-968C-34C2C2C41AA3}.Debug|Any CPU.Build.0 = Debug|Any CPU
		{9E893DD8-A114-4C7E-968C-34C2C2C41AA3}.Debug|x64.ActiveCfg = Debug|Any CPU
		{9E893DD8-A114-4C7E-968C-34C2C2C41AA3}.Debug|x64.Build.0 = Debug|Any CPU
		{9E893DD8-A114-4C7E-968C-34C2C2C41AA3}.Release|Any CPU.ActiveCfg = Release|Any CPU
		{9E893DD8-A114-4C7E-968C-34C2C2C41AA3}.Release|Any CPU.Build.0 = Release|Any CPU
		{9E893DD8-A114-4C7E-968C-34C2C2C41AA3}.Release|x64.ActiveCfg = Release|Any CPU
		{9E893DD8-A114-4C7E-968C-34C2C2C41AA3}.Release|x64.Build.0 = Release|Any CPU
		{F62C9CF6-A632-4894-B61A-674198DAB86E}.Debug|Any CPU.ActiveCfg = Debug|Any CPU
		{F62C9CF6-A632-4894-B61A-674198DAB86E}.Debug|Any CPU.Build.0 = Debug|Any CPU
		{F62C9CF6-A632-4894-B61A-674198DAB86E}.Debug|x64.ActiveCfg = Debug|Any CPU
		{F62C9CF6-A632-4894-B61A-674198DAB86E}.Debug|x64.Build.0 = Debug|Any CPU
		{F62C9CF6-A632-4894-B61A-674198DAB86E}.Release|Any CPU.ActiveCfg = Release|Any CPU
		{F62C9CF6-A632-4894-B61A-674198DAB86E}.Release|Any CPU.Build.0 = Release|Any CPU
		{F62C9CF6-A632-4894-B61A-674198DAB86E}.Release|x64.ActiveCfg = Release|Any CPU
		{F62C9CF6-A632-4894-B61A-674198DAB86E}.Release|x64.Build.0 = Release|Any CPU
		{7B0859A2-C153-461A-ACC1-D5874994030E}.Debug|Any CPU.ActiveCfg = Debug|Any CPU
		{7B0859A2-C153-461A-ACC1-D5874994030E}.Debug|Any CPU.Build.0 = Debug|Any CPU
		{7B0859A2-C153-461A-ACC1-D5874994030E}.Debug|x64.ActiveCfg = Debug|Any CPU
		{7B0859A2-C153-461A-ACC1-D5874994030E}.Debug|x64.Build.0 = Debug|Any CPU
		{7B0859A2-C153-461A-ACC1-D5874994030E}.Release|Any CPU.ActiveCfg = Release|Any CPU
		{7B0859A2-C153-461A-ACC1-D5874994030E}.Release|Any CPU.Build.0 = Release|Any CPU
		{7B0859A2-C153-461A-ACC1-D5874994030E}.Release|x64.ActiveCfg = Release|Any CPU
		{7B0859A2-C153-461A-ACC1-D5874994030E}.Release|x64.Build.0 = Release|Any CPU
		{6F2B44AA-A760-4083-8124-B380D91D5086}.Debug|Any CPU.ActiveCfg = Debug|Any CPU
		{6F2B44AA-A760-4083-8124-B380D91D5086}.Debug|Any CPU.Build.0 = Debug|Any CPU
		{6F2B44AA-A760-4083-8124-B380D91D5086}.Debug|x64.ActiveCfg = Debug|Any CPU
		{6F2B44AA-A760-4083-8124-B380D91D5086}.Debug|x64.Build.0 = Debug|Any CPU
		{6F2B44AA-A760-4083-8124-B380D91D5086}.Release|Any CPU.ActiveCfg = Release|Any CPU
		{6F2B44AA-A760-4083-8124-B380D91D5086}.Release|Any CPU.Build.0 = Release|Any CPU
		{6F2B44AA-A760-4083-8124-B380D91D5086}.Release|x64.ActiveCfg = Release|Any CPU
		{6F2B44AA-A760-4083-8124-B380D91D5086}.Release|x64.Build.0 = Release|Any CPU
	EndGlobalSection
	GlobalSection(SolutionProperties) = preSolution
		HideSolutionNode = FALSE
	EndGlobalSection
	GlobalSection(NestedProjects) = preSolution
		{F62C9CF6-A632-4894-B61A-674198DAB86E} = {9A9D18B4-718D-4681-BAFE-A1C42E18A7CC}
	EndGlobalSection
	GlobalSection(ExtensibilityGlobals) = postSolution
		SolutionGuid = {30CF2BE4-58CA-4598-9B59-D334FC971A0F}
	EndGlobalSection
EndGlobal
